Microsoft Visual Studio Solution File, Format Version 12.00
# Visual Studio Version 18
VisualStudioVersion = 18.4.11612.150
MinimumVisualStudioVersion = 10.0.40219.1
Project("{FAE04EC0-301F-11D3-BF4B-00C04F79EFBC}") = "ArchiForge.Api", "ArchiForge.Api\ArchiForge.Api.csproj", "{9DFBBF70-173F-4190-A3F5-2203DFE6C526}"
EndProject
Project("{2150E333-8FDC-42A3-9474-1A3956D46DE8}") = "src", "src", "{02EA681E-C7D8-13C7-8484-4AC65E1B71E8}"
EndProject
Project("{FAE04EC0-301F-11D3-BF4B-00C04F79EFBC}") = "ArchiForge.Contracts", "ArchiForge.Contracts\ArchiForge.Contracts.csproj", "{9150AB13-E527-47F2-83DB-F7FB2B900B8C}"
EndProject
Project("{FAE04EC0-301F-11D3-BF4B-00C04F79EFBC}") = "ArchiForge.Core", "ArchiForge.Core\ArchiForge.Core.csproj", "{A0F0E0D0-C0B0-4000-8000-000000000001}"
EndProject
Project("{FAE04EC0-301F-11D3-BF4B-00C04F79EFBC}") = "ArchiForge.Coordinator", "ArchiForge.Coordinator\ArchiForge.Coordinator.csproj", "{0CF8BED8-6D7C-4F93-B30C-77B66FE7F2A5}"
EndProject
Project("{FAE04EC0-301F-11D3-BF4B-00C04F79EFBC}") = "ArchiForge.DecisionEngine", "ArchiForge.DecisionEngine\ArchiForge.DecisionEngine.csproj", "{0716A087-0A1A-48DB-A6A7-8CF799E65FED}"
EndProject
Project("{FAE04EC0-301F-11D3-BF4B-00C04F79EFBC}") = "ArchiForge.AgentSimulator", "ArchiForge.AgentSimulator\ArchiForge.AgentSimulator.csproj", "{A1B2C3D4-E5F6-7890-ABCD-EF1234567890}"
EndProject
Project("{FAE04EC0-301F-11D3-BF4B-00C04F79EFBC}") = "ArchiForge.AgentRuntime", "ArchiForge.AgentRuntime\ArchiForge.AgentRuntime.csproj", "{C3D4E5F6-A7B8-9012-CDEF-234567890123}"
EndProject
Project("{FAE04EC0-301F-11D3-BF4B-00C04F79EFBC}") = "ArchiForge.Application", "ArchiForge.Application\ArchiForge.Application.csproj", "{B2C3D4E5-F6A7-8901-BCDE-F12345678901}"
EndProject
Project("{FAE04EC0-301F-11D3-BF4B-00C04F79EFBC}") = "ArchiForge.Data", "ArchiForge.Data\ArchiForge.Data.csproj", "{5E2C804E-3007-4864-91BA-72F94623B700}"
EndProject
Project("{2150E333-8FDC-42A3-9474-1A3956D46DE8}") = "tests", "tests", "{128DBBE7-315A-4005-BED1-BA51A521D8FB}"
EndProject
Project("{FAE04EC0-301F-11D3-BF4B-00C04F79EFBC}") = "ArchiForge.Contracts.Tests", "ArchiForge.Contracts.Tests\ArchiForge.Contracts.Tests.csproj", "{B74B17AC-A877-4334-AA54-9EF3D1B4C2C6}"
EndProject
Project("{FAE04EC0-301F-11D3-BF4B-00C04F79EFBC}") = "ArchiForge.DecisionEngine.Tests", "ArchiForge.DecisionEngine.Tests\ArchiForge.DecisionEngine.Tests.csproj", "{F67A2885-8223-48FE-9280-C10F5CBA831E}"
EndProject
Project("{FAE04EC0-301F-11D3-BF4B-00C04F79EFBC}") = "ArchiForge.Coordinator.Tests", "ArchiForge.Coordinator.Tests\ArchiForge.Coordinator.Tests.csproj", "{D84FD236-A30A-49ED-BE82-53D481026B8F}"
EndProject
Project("{FAE04EC0-301F-11D3-BF4B-00C04F79EFBC}") = "ArchiForge.Api.Tests", "ArchiForge.Api.Tests\ArchiForge.Api.Tests.csproj", "{43069D07-AE75-4A8A-9018-05486D334390}"
	ProjectSection(ProjectDependencies) = postProject
		{9DFBBF70-173F-4190-A3F5-2203DFE6C526} = {9DFBBF70-173F-4190-A3F5-2203DFE6C526}
	EndProjectSection
EndProject
Project("{2150E333-8FDC-42A3-9474-1A3956D46DE8}") = "Fixtures", "Fixtures", "{D32098F6-7916-4389-9210-A50803425AC0}"
EndProject
Project("{2150E333-8FDC-42A3-9474-1A3956D46DE8}") = "requests", "requests", "{D178DC34-A724-4492-A31F-3812DA69FB4C}"
	ProjectSection(SolutionItems) = preProject
		enterprise-rag-request.json = enterprise-rag-request.json
	EndProjectSection
EndProject
Project("{2150E333-8FDC-42A3-9474-1A3956D46DE8}") = "results", "results", "{64DDAD70-E4DB-401E-AD8A-235C97409E14}"
	ProjectSection(SolutionItems) = preProject
		compliance-result.json = compliance-result.json
		cost-result.json = cost-result.json
		topology-result.json = topology-result.json
	EndProjectSection
EndProject
Project("{2150E333-8FDC-42A3-9474-1A3956D46DE8}") = "expected", "expected", "{1B09D673-406E-4BF4-95DF-557D9147521D}"
	ProjectSection(SolutionItems) = preProject
		expected-manifest-summary.json = expected-manifest-summary.json
	EndProjectSection
EndProject
Project("{FAE04EC0-301F-11D3-BF4B-00C04F79EFBC}") = "ArchiForge.Cli", "ArchiForge.Cli\ArchiForge.Cli.csproj", "{E7A2C8F1-4B3D-4E9A-8F2C-1D5B6E7A8C9D}"
EndProject
Project("{FAE04EC0-301F-11D3-BF4B-00C04F79EFBC}") = "ArchiForge.Cli.Tests", "ArchiForge.Cli.Tests\ArchiForge.Cli.Tests.csproj", "{C81E2D45-1A3B-4F6E-9D2C-8B7A5E4F3D1A}"
EndProject
Project("{FAE04EC0-301F-11D3-BF4B-00C04F79EFBC}") = "ArchiForge.AgentRuntime.Tests", "ArchiForge.AgentRuntime.Tests\ArchiForge.AgentRuntime.Tests.csproj", "{A9B8C7D6-E5F4-3210-9876-543210FEDCBA}"
EndProject
Project("{2150E333-8FDC-42A3-9474-1A3956D46DE8}") = "docs", "docs", "{F391F1CE-53C6-475C-9C9C-7B7F859408ED}"
	ProjectSection(SolutionItems) = preProject
		..\..\Users\jafra\OneDrive\ArchiForge\archiforge_design.md = ..\..\Users\jafra\OneDrive\ArchiForge\archiforge_design.md
	EndProjectSection
EndProject
Project("{FAE04EC0-301F-11D3-BF4B-00C04F79EFBC}") = "ArchiForge.ContextIngestion", "ArchiForge.ContextIngestion\ArchiForge.ContextIngestion.csproj", "{8FA568F0-9212-8B8C-05C8-7DB8CC48E7E9}"
EndProject
Project("{FAE04EC0-301F-11D3-BF4B-00C04F79EFBC}") = "ArchiForge.ContextIngestion.Tests", "ArchiForge.ContextIngestion.Tests\ArchiForge.ContextIngestion.Tests.csproj", "{E1F2A3B4-C5D6-4789-ABCD-EF0123456789}"
EndProject
Project("{FAE04EC0-301F-11D3-BF4B-00C04F79EFBC}") = "ArchiForge.KnowledgeGraph", "ArchiForge.KnowledgeGraph\ArchiForge.KnowledgeGraph.csproj", "{EFD25BC6-2623-D707-A538-B8069B821FBA}"
EndProject
Project("{FAE04EC0-301F-11D3-BF4B-00C04F79EFBC}") = "ArchiForge.Decisioning", "ArchiForge.Decisioning\ArchiForge.Decisioning.csproj", "{3A7E2E2B-0C8F-4A1F-8A67-3E0B1B6C9D2E}"
EndProject
Project("{FAE04EC0-301F-11D3-BF4B-00C04F79EFBC}") = "ArchiForge.Decisioning.Tests", "ArchiForge.Decisioning.Tests\ArchiForge.Decisioning.Tests.csproj", "{C4D5E6F7-A8B9-0123-CDEF-456789ABCDEF}"
EndProject
Project("{2150E333-8FDC-42A3-9474-1A3956D46DE8}") = "Solution Items", "Solution Items", "{BD53CE87-F72D-42D8-9A9A-EB95D608BD24}"
	ProjectSection(SolutionItems) = preProject
		.editorconfig = .editorconfig
	EndProjectSection
EndProject
Project("{FAE04EC0-301F-11D3-BF4B-00C04F79EFBC}") = "ArchiForge.ArtifactSynthesis", "ArchiForge.ArtifactSynthesis\ArchiForge.ArtifactSynthesis.csproj", "{94A74827-D6D6-3414-6607-FEEEF3334549}"
EndProject
Project("{FAE04EC0-301F-11D3-BF4B-00C04F79EFBC}") = "ArchiForge.Persistence", "ArchiForge.Persistence\ArchiForge.Persistence.csproj", "{C7D8E9F0-A1B2-4567-8901-234567890ABC}"
EndProject
Project("{FAE04EC0-301F-11D3-BF4B-00C04F79EFBC}") = "ArchiForge.Provenance", "ArchiForge.Provenance\ArchiForge.Provenance.csproj", "{C1C1C1C1-D1D1-4E11-8E11-111111111111}"
EndProject
Project("{FAE04EC0-301F-11D3-BF4B-00C04F79EFBC}") = "ArchiForge.Retrieval", "ArchiForge.Retrieval\ArchiForge.Retrieval.csproj", "{D1E2F3A4-B5C6-7890-DEF1-234567890ABC}"
EndProject
Global
	GlobalSection(SolutionConfigurationPlatforms) = preSolution
		Debug|Any CPU = Debug|Any CPU
		Release|Any CPU = Release|Any CPU
	EndGlobalSection
	GlobalSection(ProjectConfigurationPlatforms) = postSolution
		{9DFBBF70-173F-4190-A3F5-2203DFE6C526}.Debug|Any CPU.ActiveCfg = Debug|Any CPU
		{9DFBBF70-173F-4190-A3F5-2203DFE6C526}.Debug|Any CPU.Build.0 = Debug|Any CPU
		{9DFBBF70-173F-4190-A3F5-2203DFE6C526}.Release|Any CPU.ActiveCfg = Release|Any CPU
		{9DFBBF70-173F-4190-A3F5-2203DFE6C526}.Release|Any CPU.Build.0 = Release|Any CPU
		{9150AB13-E527-47F2-83DB-F7FB2B900B8C}.Debug|Any CPU.ActiveCfg = Debug|Any CPU
		{9150AB13-E527-47F2-83DB-F7FB2B900B8C}.Debug|Any CPU.Build.0 = Debug|Any CPU
		{9150AB13-E527-47F2-83DB-F7FB2B900B8C}.Release|Any CPU.ActiveCfg = Release|Any CPU
		{9150AB13-E527-47F2-83DB-F7FB2B900B8C}.Release|Any CPU.Build.0 = Release|Any CPU
		{A0F0E0D0-C0B0-4000-8000-000000000001}.Debug|Any CPU.ActiveCfg = Debug|Any CPU
		{A0F0E0D0-C0B0-4000-8000-000000000001}.Debug|Any CPU.Build.0 = Debug|Any CPU
		{A0F0E0D0-C0B0-4000-8000-000000000001}.Release|Any CPU.ActiveCfg = Release|Any CPU
		{A0F0E0D0-C0B0-4000-8000-000000000001}.Release|Any CPU.Build.0 = Release|Any CPU
		{0CF8BED8-6D7C-4F93-B30C-77B66FE7F2A5}.Debug|Any CPU.ActiveCfg = Debug|Any CPU
		{0CF8BED8-6D7C-4F93-B30C-77B66FE7F2A5}.Debug|Any CPU.Build.0 = Debug|Any CPU
		{0CF8BED8-6D7C-4F93-B30C-77B66FE7F2A5}.Release|Any CPU.ActiveCfg = Release|Any CPU
		{0CF8BED8-6D7C-4F93-B30C-77B66FE7F2A5}.Release|Any CPU.Build.0 = Release|Any CPU
		{0716A087-0A1A-48DB-A6A7-8CF799E65FED}.Debug|Any CPU.ActiveCfg = Debug|Any CPU
		{0716A087-0A1A-48DB-A6A7-8CF799E65FED}.Debug|Any CPU.Build.0 = Debug|Any CPU
		{0716A087-0A1A-48DB-A6A7-8CF799E65FED}.Release|Any CPU.ActiveCfg = Release|Any CPU
		{0716A087-0A1A-48DB-A6A7-8CF799E65FED}.Release|Any CPU.Build.0 = Release|Any CPU
		{A1B2C3D4-E5F6-7890-ABCD-EF1234567890}.Debug|Any CPU.ActiveCfg = Debug|Any CPU
		{A1B2C3D4-E5F6-7890-ABCD-EF1234567890}.Debug|Any CPU.Build.0 = Debug|Any CPU
		{A1B2C3D4-E5F6-7890-ABCD-EF1234567890}.Release|Any CPU.ActiveCfg = Release|Any CPU
		{A1B2C3D4-E5F6-7890-ABCD-EF1234567890}.Release|Any CPU.Build.0 = Release|Any CPU
		{C3D4E5F6-A7B8-9012-CDEF-234567890123}.Debug|Any CPU.ActiveCfg = Debug|Any CPU
		{C3D4E5F6-A7B8-9012-CDEF-234567890123}.Debug|Any CPU.Build.0 = Debug|Any CPU
		{C3D4E5F6-A7B8-9012-CDEF-234567890123}.Release|Any CPU.ActiveCfg = Release|Any CPU
		{C3D4E5F6-A7B8-9012-CDEF-234567890123}.Release|Any CPU.Build.0 = Release|Any CPU
		{B2C3D4E5-F6A7-8901-BCDE-F12345678901}.Debug|Any CPU.ActiveCfg = Debug|Any CPU
		{B2C3D4E5-F6A7-8901-BCDE-F12345678901}.Debug|Any CPU.Build.0 = Debug|Any CPU
		{B2C3D4E5-F6A7-8901-BCDE-F12345678901}.Release|Any CPU.ActiveCfg = Release|Any CPU
		{B2C3D4E5-F6A7-8901-BCDE-F12345678901}.Release|Any CPU.Build.0 = Release|Any CPU
		{5E2C804E-3007-4864-91BA-72F94623B700}.Debug|Any CPU.ActiveCfg = Debug|Any CPU
		{5E2C804E-3007-4864-91BA-72F94623B700}.Debug|Any CPU.Build.0 = Debug|Any CPU
		{5E2C804E-3007-4864-91BA-72F94623B700}.Release|Any CPU.ActiveCfg = Release|Any CPU
		{5E2C804E-3007-4864-91BA-72F94623B700}.Release|Any CPU.Build.0 = Release|Any CPU
		{B74B17AC-A877-4334-AA54-9EF3D1B4C2C6}.Debug|Any CPU.ActiveCfg = Debug|Any CPU
		{B74B17AC-A877-4334-AA54-9EF3D1B4C2C6}.Debug|Any CPU.Build.0 = Debug|Any CPU
		{B74B17AC-A877-4334-AA54-9EF3D1B4C2C6}.Release|Any CPU.ActiveCfg = Release|Any CPU
		{B74B17AC-A877-4334-AA54-9EF3D1B4C2C6}.Release|Any CPU.Build.0 = Release|Any CPU
		{F67A2885-8223-48FE-9280-C10F5CBA831E}.Debug|Any CPU.ActiveCfg = Debug|Any CPU
		{F67A2885-8223-48FE-9280-C10F5CBA831E}.Debug|Any CPU.Build.0 = Debug|Any CPU
		{F67A2885-8223-48FE-9280-C10F5CBA831E}.Release|Any CPU.ActiveCfg = Release|Any CPU
		{F67A2885-8223-48FE-9280-C10F5CBA831E}.Release|Any CPU.Build.0 = Release|Any CPU
		{D84FD236-A30A-49ED-BE82-53D481026B8F}.Debug|Any CPU.ActiveCfg = Debug|Any CPU
		{D84FD236-A30A-49ED-BE82-53D481026B8F}.Debug|Any CPU.Build.0 = Debug|Any CPU
		{D84FD236-A30A-49ED-BE82-53D481026B8F}.Release|Any CPU.ActiveCfg = Release|Any CPU
		{D84FD236-A30A-49ED-BE82-53D481026B8F}.Release|Any CPU.Build.0 = Release|Any CPU
		{43069D07-AE75-4A8A-9018-05486D334390}.Debug|Any CPU.ActiveCfg = Debug|Any CPU
		{43069D07-AE75-4A8A-9018-05486D334390}.Debug|Any CPU.Build.0 = Debug|Any CPU
		{43069D07-AE75-4A8A-9018-05486D334390}.Release|Any CPU.ActiveCfg = Release|Any CPU
		{43069D07-AE75-4A8A-9018-05486D334390}.Release|Any CPU.Build.0 = Release|Any CPU
		{E7A2C8F1-4B3D-4E9A-8F2C-1D5B6E7A8C9D}.Debug|Any CPU.ActiveCfg = Debug|Any CPU
		{E7A2C8F1-4B3D-4E9A-8F2C-1D5B6E7A8C9D}.Debug|Any CPU.Build.0 = Debug|Any CPU
		{E7A2C8F1-4B3D-4E9A-8F2C-1D5B6E7A8C9D}.Release|Any CPU.ActiveCfg = Release|Any CPU
		{E7A2C8F1-4B3D-4E9A-8F2C-1D5B6E7A8C9D}.Release|Any CPU.Build.0 = Release|Any CPU
		{C81E2D45-1A3B-4F6E-9D2C-8B7A5E4F3D1A}.Debug|Any CPU.ActiveCfg = Debug|Any CPU
		{C81E2D45-1A3B-4F6E-9D2C-8B7A5E4F3D1A}.Debug|Any CPU.Build.0 = Debug|Any CPU
		{C81E2D45-1A3B-4F6E-9D2C-8B7A5E4F3D1A}.Release|Any CPU.ActiveCfg = Release|Any CPU
		{C81E2D45-1A3B-4F6E-9D2C-8B7A5E4F3D1A}.Release|Any CPU.Build.0 = Release|Any CPU
		{A9B8C7D6-E5F4-3210-9876-543210FEDCBA}.Debug|Any CPU.ActiveCfg = Debug|Any CPU
		{A9B8C7D6-E5F4-3210-9876-543210FEDCBA}.Debug|Any CPU.Build.0 = Debug|Any CPU
		{A9B8C7D6-E5F4-3210-9876-543210FEDCBA}.Release|Any CPU.ActiveCfg = Release|Any CPU
		{A9B8C7D6-E5F4-3210-9876-543210FEDCBA}.Release|Any CPU.Build.0 = Release|Any CPU
		{8FA568F0-9212-8B8C-05C8-7DB8CC48E7E9}.Debug|Any CPU.ActiveCfg = Debug|Any CPU
		{8FA568F0-9212-8B8C-05C8-7DB8CC48E7E9}.Debug|Any CPU.Build.0 = Debug|Any CPU
		{8FA568F0-9212-8B8C-05C8-7DB8CC48E7E9}.Release|Any CPU.ActiveCfg = Release|Any CPU
		{8FA568F0-9212-8B8C-05C8-7DB8CC48E7E9}.Release|Any CPU.Build.0 = Release|Any CPU
		{E1F2A3B4-C5D6-4789-ABCD-EF0123456789}.Debug|Any CPU.ActiveCfg = Debug|Any CPU
		{E1F2A3B4-C5D6-4789-ABCD-EF0123456789}.Debug|Any CPU.Build.0 = Debug|Any CPU
		{E1F2A3B4-C5D6-4789-ABCD-EF0123456789}.Release|Any CPU.ActiveCfg = Release|Any CPU
		{E1F2A3B4-C5D6-4789-ABCD-EF0123456789}.Release|Any CPU.Build.0 = Release|Any CPU
		{EFD25BC6-2623-D707-A538-B8069B821FBA}.Debug|Any CPU.ActiveCfg = Debug|Any CPU
		{EFD25BC6-2623-D707-A538-B8069B821FBA}.Debug|Any CPU.Build.0 = Debug|Any CPU
		{EFD25BC6-2623-D707-A538-B8069B821FBA}.Release|Any CPU.ActiveCfg = Release|Any CPU
		{EFD25BC6-2623-D707-A538-B8069B821FBA}.Release|Any CPU.Build.0 = Release|Any CPU
		{3A7E2E2B-0C8F-4A1F-8A67-3E0B1B6C9D2E}.Debug|Any CPU.ActiveCfg = Debug|Any CPU
		{3A7E2E2B-0C8F-4A1F-8A67-3E0B1B6C9D2E}.Debug|Any CPU.Build.0 = Debug|Any CPU
		{3A7E2E2B-0C8F-4A1F-8A67-3E0B1B6C9D2E}.Release|Any CPU.ActiveCfg = Release|Any CPU
		{3A7E2E2B-0C8F-4A1F-8A67-3E0B1B6C9D2E}.Release|Any CPU.Build.0 = Release|Any CPU
		{C4D5E6F7-A8B9-0123-CDEF-456789ABCDEF}.Debug|Any CPU.ActiveCfg = Debug|Any CPU
		{C4D5E6F7-A8B9-0123-CDEF-456789ABCDEF}.Debug|Any CPU.Build.0 = Debug|Any CPU
		{C4D5E6F7-A8B9-0123-CDEF-456789ABCDEF}.Release|Any CPU.ActiveCfg = Release|Any CPU
		{C4D5E6F7-A8B9-0123-CDEF-456789ABCDEF}.Release|Any CPU.Build.0 = Release|Any CPU
		{94A74827-D6D6-3414-6607-FEEEF3334549}.Debug|Any CPU.ActiveCfg = Debug|Any CPU
		{94A74827-D6D6-3414-6607-FEEEF3334549}.Debug|Any CPU.Build.0 = Debug|Any CPU
		{94A74827-D6D6-3414-6607-FEEEF3334549}.Release|Any CPU.ActiveCfg = Release|Any CPU
		{94A74827-D6D6-3414-6607-FEEEF3334549}.Release|Any CPU.Build.0 = Release|Any CPU
		{C7D8E9F0-A1B2-4567-8901-234567890ABC}.Debug|Any CPU.ActiveCfg = Debug|Any CPU
		{C7D8E9F0-A1B2-4567-8901-234567890ABC}.Debug|Any CPU.Build.0 = Debug|Any CPU
		{C7D8E9F0-A1B2-4567-8901-234567890ABC}.Release|Any CPU.ActiveCfg = Release|Any CPU
		{C7D8E9F0-A1B2-4567-8901-234567890ABC}.Release|Any CPU.Build.0 = Release|Any CPU
		{C1C1C1C1-D1D1-4E11-8E11-111111111111}.Debug|Any CPU.ActiveCfg = Debug|Any CPU
		{C1C1C1C1-D1D1-4E11-8E11-111111111111}.Debug|Any CPU.Build.0 = Debug|Any CPU
		{C1C1C1C1-D1D1-4E11-8E11-111111111111}.Release|Any CPU.ActiveCfg = Release|Any CPU
		{C1C1C1C1-D1D1-4E11-8E11-111111111111}.Release|Any CPU.Build.0 = Release|Any CPU
		{D1E2F3A4-B5C6-7890-DEF1-234567890ABC}.Debug|Any CPU.ActiveCfg = Debug|Any CPU
		{D1E2F3A4-B5C6-7890-DEF1-234567890ABC}.Debug|Any CPU.Build.0 = Debug|Any CPU
		{D1E2F3A4-B5C6-7890-DEF1-234567890ABC}.Release|Any CPU.ActiveCfg = Release|Any CPU
		{D1E2F3A4-B5C6-7890-DEF1-234567890ABC}.Release|Any CPU.Build.0 = Release|Any CPU
	EndGlobalSection
	GlobalSection(SolutionProperties) = preSolution
		HideSolutionNode = FALSE
	EndGlobalSection
	GlobalSection(NestedProjects) = preSolution
		{9DFBBF70-173F-4190-A3F5-2203DFE6C526} = {02EA681E-C7D8-13C7-8484-4AC65E1B71E8}
		{9150AB13-E527-47F2-83DB-F7FB2B900B8C} = {02EA681E-C7D8-13C7-8484-4AC65E1B71E8}
		{A0F0E0D0-C0B0-4000-8000-000000000001} = {02EA681E-C7D8-13C7-8484-4AC65E1B71E8}
		{0CF8BED8-6D7C-4F93-B30C-77B66FE7F2A5} = {02EA681E-C7D8-13C7-8484-4AC65E1B71E8}
		{0716A087-0A1A-48DB-A6A7-8CF799E65FED} = {02EA681E-C7D8-13C7-8484-4AC65E1B71E8}
		{A1B2C3D4-E5F6-7890-ABCD-EF1234567890} = {02EA681E-C7D8-13C7-8484-4AC65E1B71E8}
		{C3D4E5F6-A7B8-9012-CDEF-234567890123} = {02EA681E-C7D8-13C7-8484-4AC65E1B71E8}
		{B2C3D4E5-F6A7-8901-BCDE-F12345678901} = {02EA681E-C7D8-13C7-8484-4AC65E1B71E8}
		{5E2C804E-3007-4864-91BA-72F94623B700} = {02EA681E-C7D8-13C7-8484-4AC65E1B71E8}
		{B74B17AC-A877-4334-AA54-9EF3D1B4C2C6} = {128DBBE7-315A-4005-BED1-BA51A521D8FB}
		{F67A2885-8223-48FE-9280-C10F5CBA831E} = {128DBBE7-315A-4005-BED1-BA51A521D8FB}
		{D84FD236-A30A-49ED-BE82-53D481026B8F} = {128DBBE7-315A-4005-BED1-BA51A521D8FB}
		{43069D07-AE75-4A8A-9018-05486D334390} = {128DBBE7-315A-4005-BED1-BA51A521D8FB}
		{D32098F6-7916-4389-9210-A50803425AC0} = {128DBBE7-315A-4005-BED1-BA51A521D8FB}
		{D178DC34-A724-4492-A31F-3812DA69FB4C} = {D32098F6-7916-4389-9210-A50803425AC0}
		{64DDAD70-E4DB-401E-AD8A-235C97409E14} = {D32098F6-7916-4389-9210-A50803425AC0}
		{1B09D673-406E-4BF4-95DF-557D9147521D} = {D32098F6-7916-4389-9210-A50803425AC0}
		{E7A2C8F1-4B3D-4E9A-8F2C-1D5B6E7A8C9D} = {02EA681E-C7D8-13C7-8484-4AC65E1B71E8}
		{C81E2D45-1A3B-4F6E-9D2C-8B7A5E4F3D1A} = {128DBBE7-315A-4005-BED1-BA51A521D8FB}
		{A9B8C7D6-E5F4-3210-9876-543210FEDCBA} = {128DBBE7-315A-4005-BED1-BA51A521D8FB}
		{8FA568F0-9212-8B8C-05C8-7DB8CC48E7E9} = {02EA681E-C7D8-13C7-8484-4AC65E1B71E8}
		{E1F2A3B4-C5D6-4789-ABCD-EF0123456789} = {128DBBE7-315A-4005-BED1-BA51A521D8FB}
		{EFD25BC6-2623-D707-A538-B8069B821FBA} = {02EA681E-C7D8-13C7-8484-4AC65E1B71E8}
		{3A7E2E2B-0C8F-4A1F-8A67-3E0B1B6C9D2E} = {02EA681E-C7D8-13C7-8484-4AC65E1B71E8}
		{C4D5E6F7-A8B9-0123-CDEF-456789ABCDEF} = {128DBBE7-315A-4005-BED1-BA51A521D8FB}
		{94A74827-D6D6-3414-6607-FEEEF3334549} = {02EA681E-C7D8-13C7-8484-4AC65E1B71E8}
		{C7D8E9F0-A1B2-4567-8901-234567890ABC} = {02EA681E-C7D8-13C7-8484-4AC65E1B71E8}
		{C1C1C1C1-D1D1-4E11-8E11-111111111111} = {02EA681E-C7D8-13C7-8484-4AC65E1B71E8}
		{D1E2F3A4-B5C6-7890-DEF1-234567890ABC} = {02EA681E-C7D8-13C7-8484-4AC65E1B71E8}
	EndGlobalSection
	GlobalSection(ExtensibilityGlobals) = postSolution
		SolutionGuid = {3FD97131-0FD0-4645-8251-FB97CFE92CE5}
	EndGlobalSection
EndGlobal
