
Microsoft Visual Studio Solution File, Format Version 12.00
# Visual Studio Version 18
VisualStudioVersion = 18.4.11612.150
MinimumVisualStudioVersion = 10.0.40219.1
Project("{FAE04EC0-301F-11D3-BF4B-00C04F79EFBC}") = "ArchLucid.Api", "ArchLucid.Api\ArchLucid.Api.csproj", "{9DFBBF70-173F-4190-A3F5-2203DFE6C526}"
EndProject
Project("{2150E333-8FDC-42A3-9474-1A3956D46DE8}") = "src", "src", "{02EA681E-C7D8-13C7-8484-4AC65E1B71E8}"
EndProject
Project("{FAE04EC0-301F-11D3-BF4B-00C04F79EFBC}") = "ArchLucid.Contracts", "ArchLucid.Contracts\ArchLucid.Contracts.csproj", "{9150AB13-E527-47F2-83DB-F7FB2B900B8C}"
EndProject
Project("{FAE04EC0-301F-11D3-BF4B-00C04F79EFBC}") = "ArchLucid.Core", "ArchLucid.Core\ArchLucid.Core.csproj", "{A0F0E0D0-C0B0-4000-8000-000000000001}"
EndProject
Project("{FAE04EC0-301F-11D3-BF4B-00C04F79EFBC}") = "ArchLucid.Coordinator", "ArchLucid.Coordinator\ArchLucid.Coordinator.csproj", "{0CF8BED8-6D7C-4F93-B30C-77B66FE7F2A5}"
EndProject
Project("{FAE04EC0-301F-11D3-BF4B-00C04F79EFBC}") = "ArchLucid.AgentSimulator", "ArchLucid.AgentSimulator\ArchLucid.AgentSimulator.csproj", "{A1B2C3D4-E5F6-7890-ABCD-EF1234567890}"
EndProject
Project("{FAE04EC0-301F-11D3-BF4B-00C04F79EFBC}") = "ArchLucid.AgentRuntime", "ArchLucid.AgentRuntime\ArchLucid.AgentRuntime.csproj", "{C3D4E5F6-A7B8-9012-CDEF-234567890123}"
EndProject
Project("{FAE04EC0-301F-11D3-BF4B-00C04F79EFBC}") = "ArchLucid.Application", "ArchLucid.Application\ArchLucid.Application.csproj", "{B2C3D4E5-F6A7-8901-BCDE-F12345678901}"
EndProject
Project("{2150E333-8FDC-42A3-9474-1A3956D46DE8}") = "tests", "tests", "{128DBBE7-315A-4005-BED1-BA51A521D8FB}"
EndProject
Project("{FAE04EC0-301F-11D3-BF4B-00C04F79EFBC}") = "ArchLucid.Contracts.Tests", "ArchLucid.Contracts.Tests\ArchLucid.Contracts.Tests.csproj", "{B74B17AC-A877-4334-AA54-9EF3D1B4C2C6}"
EndProject
Project("{FAE04EC0-301F-11D3-BF4B-00C04F79EFBC}") = "ArchLucid.Coordinator.Tests", "ArchLucid.Coordinator.Tests\ArchLucid.Coordinator.Tests.csproj", "{D84FD236-A30A-49ED-BE82-53D481026B8F}"
EndProject
Project("{FAE04EC0-301F-11D3-BF4B-00C04F79EFBC}") = "ArchLucid.Api.Tests", "ArchLucid.Api.Tests\ArchLucid.Api.Tests.csproj", "{43069D07-AE75-4A8A-9018-05486D334390}"
	ProjectSection(ProjectDependencies) = postProject
		{9DFBBF70-173F-4190-A3F5-2203DFE6C526} = {9DFBBF70-173F-4190-A3F5-2203DFE6C526}
	EndProjectSection
EndProject
Project("{2150E333-8FDC-42A3-9474-1A3956D46DE8}") = "Fixtures", "Fixtures", "{D32098F6-7916-4389-9210-A50803425AC0}"
EndProject
Project("{2150E333-8FDC-42A3-9474-1A3956D46DE8}") = "requests", "requests", "{D178DC34-A724-4492-A31F-3812DA69FB4C}"
	ProjectSection(SolutionItems) = preProject
		enterprise-rag-request.json = enterprise-rag-request.json
	EndProjectSection
EndProject
Project("{2150E333-8FDC-42A3-9474-1A3956D46DE8}") = "results", "results", "{64DDAD70-E4DB-401E-AD8A-235C97409E14}"
	ProjectSection(SolutionItems) = preProject
		compliance-result.json = compliance-result.json
		cost-result.json = cost-result.json
		topology-result.json = topology-result.json
	EndProjectSection
EndProject
Project("{2150E333-8FDC-42A3-9474-1A3956D46DE8}") = "expected", "expected", "{1B09D673-406E-4BF4-95DF-557D9147521D}"
	ProjectSection(SolutionItems) = preProject
		expected-manifest-summary.json = expected-manifest-summary.json
	EndProjectSection
EndProject
Project("{FAE04EC0-301F-11D3-BF4B-00C04F79EFBC}") = "ArchLucid.Cli", "ArchLucid.Cli\ArchLucid.Cli.csproj", "{E7A2C8F1-4B3D-4E9A-8F2C-1D5B6E7A8C9D}"
EndProject
Project("{FAE04EC0-301F-11D3-BF4B-00C04F79EFBC}") = "ArchLucid.Cli.Tests", "ArchLucid.Cli.Tests\ArchLucid.Cli.Tests.csproj", "{C81E2D45-1A3B-4F6E-9D2C-8B7A5E4F3D1A}"
EndProject
Project("{FAE04EC0-301F-11D3-BF4B-00C04F79EFBC}") = "ArchLucid.AgentRuntime.Tests", "ArchLucid.AgentRuntime.Tests\ArchLucid.AgentRuntime.Tests.csproj", "{A9B8C7D6-E5F4-3210-9876-543210FEDCBA}"
EndProject
Project("{2150E333-8FDC-42A3-9474-1A3956D46DE8}") = "docs", "docs", "{F391F1CE-53C6-475C-9C9C-7B7F859408ED}"
	ProjectSection(SolutionItems) = preProject
		..\..\Users\jafra\OneDrive\ArchiForge\archiforge_design.md = ..\..\Users\jafra\OneDrive\ArchiForge\archiforge_design.md
	EndProjectSection
EndProject
Project("{FAE04EC0-301F-11D3-BF4B-00C04F79EFBC}") = "ArchLucid.ContextIngestion", "ArchLucid.ContextIngestion\ArchLucid.ContextIngestion.csproj", "{8FA568F0-9212-8B8C-05C8-7DB8CC48E7E9}"
EndProject
Project("{FAE04EC0-301F-11D3-BF4B-00C04F79EFBC}") = "ArchLucid.ContextIngestion.Tests", "ArchLucid.ContextIngestion.Tests\ArchLucid.ContextIngestion.Tests.csproj", "{E1F2A3B4-C5D6-4789-ABCD-EF0123456789}"
EndProject
Project("{FAE04EC0-301F-11D3-BF4B-00C04F79EFBC}") = "ArchLucid.KnowledgeGraph", "ArchLucid.KnowledgeGraph\ArchLucid.KnowledgeGraph.csproj", "{EFD25BC6-2623-D707-A538-B8069B821FBA}"
EndProject
Project("{FAE04EC0-301F-11D3-BF4B-00C04F79EFBC}") = "ArchLucid.Decisioning", "ArchLucid.Decisioning\ArchLucid.Decisioning.csproj", "{3A7E2E2B-0C8F-4A1F-8A67-3E0B1B6C9D2E}"
EndProject
Project("{FAE04EC0-301F-11D3-BF4B-00C04F79EFBC}") = "ArchLucid.Decisioning.Tests", "ArchLucid.Decisioning.Tests\ArchLucid.Decisioning.Tests.csproj", "{C4D5E6F7-A8B9-0123-CDEF-456789ABCDEF}"
EndProject
Project("{2150E333-8FDC-42A3-9474-1A3956D46DE8}") = "Solution Items", "Solution Items", "{BD53CE87-F72D-42D8-9A9A-EB95D608BD24}"
	ProjectSection(SolutionItems) = preProject
		.editorconfig = .editorconfig
	EndProjectSection
EndProject
Project("{FAE04EC0-301F-11D3-BF4B-00C04F79EFBC}") = "ArchLucid.ArtifactSynthesis", "ArchLucid.ArtifactSynthesis\ArchLucid.ArtifactSynthesis.csproj", "{94A74827-D6D6-3414-6607-FEEEF3334549}"
EndProject
Project("{FAE04EC0-301F-11D3-BF4B-00C04F79EFBC}") = "ArchLucid.Persistence", "ArchLucid.Persistence\ArchLucid.Persistence.csproj", "{C7D8E9F0-A1B2-4567-8901-234567890ABC}"
EndProject
Project("{FAE04EC0-301F-11D3-BF4B-00C04F79EFBC}") = "ArchLucid.Provenance", "ArchLucid.Provenance\ArchLucid.Provenance.csproj", "{C1C1C1C1-D1D1-4E11-8E11-111111111111}"
EndProject
Project("{FAE04EC0-301F-11D3-BF4B-00C04F79EFBC}") = "ArchLucid.Retrieval", "ArchLucid.Retrieval\ArchLucid.Retrieval.csproj", "{D1E2F3A4-B5C6-7890-DEF1-234567890ABC}"
EndProject
Project("{FAE04EC0-301F-11D3-BF4B-00C04F79EFBC}") = "ArchLucid.KnowledgeGraph.Tests", "ArchLucid.KnowledgeGraph.Tests\ArchLucid.KnowledgeGraph.Tests.csproj", "{A2B3C4D5-E6F7-8901-ABCD-EF2345678901}"
EndProject
Project("{FAE04EC0-301F-11D3-BF4B-00C04F79EFBC}") = "ArchLucid.Retrieval.Tests", "ArchLucid.Retrieval.Tests\ArchLucid.Retrieval.Tests.csproj", "{F4A5B6C7-D8E9-0123-FABC-DEF456789012}"
EndProject
Project("{FAE04EC0-301F-11D3-BF4B-00C04F79EFBC}") = "ArchLucid.Persistence.Tests", "ArchLucid.Persistence.Tests\ArchLucid.Persistence.Tests.csproj", "{B5C6D7E8-F9A0-4A5B-8C9D-0E1F2A3B4C5D}"
EndProject
Project("{FAE04EC0-301F-11D3-BF4B-00C04F79EFBC}") = "ArchLucid.Backfill.Cli", "ArchLucid.Backfill.Cli\ArchLucid.Backfill.Cli.csproj", "{F51E77F0-78E5-4ADB-8829-1F17D25AF564}"
EndProject
Project("{FAE04EC0-301F-11D3-BF4B-00C04F79EFBC}") = "ArchLucid.TestSupport", "ArchLucid.TestSupport\ArchLucid.TestSupport.csproj", "{99449A88-AF64-48D2-803A-1EA348474812}"
EndProject
Project("{FAE04EC0-301F-11D3-BF4B-00C04F79EFBC}") = "ArchLucid.ArtifactSynthesis.Tests", "ArchLucid.ArtifactSynthesis.Tests\ArchLucid.ArtifactSynthesis.Tests.csproj", "{50D243DC-57F5-47F2-AC7D-EBB6D162B0EF}"
EndProject
Project("{FAE04EC0-301F-11D3-BF4B-00C04F79EFBC}") = "ArchLucid.Application.Tests", "ArchLucid.Application.Tests\ArchLucid.Application.Tests.csproj", "{ABB665B3-314F-498C-BA1C-0BD4AD8E53EC}"
EndProject
Project("{FAE04EC0-301F-11D3-BF4B-00C04F79EFBC}") = "ArchLucid.Core.Tests", "ArchLucid.Core.Tests\ArchLucid.Core.Tests.csproj", "{B558395D-5D27-4E15-A726-D1844D4CF9D0}"
EndProject
Project("{FAE04EC0-301F-11D3-BF4B-00C04F79EFBC}") = "ArchLucid.Provenance.Tests", "ArchLucid.Provenance.Tests\ArchLucid.Provenance.Tests.csproj", "{36BF3223-42C2-4365-A32F-CF527EA01DDB}"
EndProject
Project("{FAE04EC0-301F-11D3-BF4B-00C04F79EFBC}") = "ArchLucid.Api.Client", "ArchLucid.Api.Client\ArchLucid.Api.Client.csproj", "{6434CF04-818C-4D93-9B4B-8652D31E1C0B}"
EndProject
Project("{FAE04EC0-301F-11D3-BF4B-00C04F79EFBC}") = "ArchLucid.Api.Client.Tests", "ArchLucid.Api.Client.Tests\ArchLucid.Api.Client.Tests.csproj", "{5CDADB7E-3C29-4170-A059-29803BA5A41D}"
EndProject
Project("{FAE04EC0-301F-11D3-BF4B-00C04F79EFBC}") = "ArchLucid.Worker", "ArchLucid.Worker\ArchLucid.Worker.csproj", "{9663B718-58A9-4A9D-806E-8722094C4351}"
EndProject
Project("{FAE04EC0-301F-11D3-BF4B-00C04F79EFBC}") = "ArchLucid.Host.Core", "ArchLucid.Host.Core\ArchLucid.Host.Core.csproj", "{39C4537E-16D2-45F9-B9BB-922CA65C588C}"
EndProject
Project("{FAE04EC0-301F-11D3-BF4B-00C04F79EFBC}") = "ArchLucid.Benchmarks", "ArchLucid.Benchmarks\ArchLucid.Benchmarks.csproj", "{5E9E03D0-8E76-486C-9C07-80A6D9E6CFC6}"
EndProject
Project("{FAE04EC0-301F-11D3-BF4B-00C04F79EFBC}") = "ArchLucid.Host.Composition", "ArchLucid.Host.Composition\ArchLucid.Host.Composition.csproj", "{DB0E320C-CA9F-4B8A-AE15-FEC3CF8512CF}"
EndProject
Project("{FAE04EC0-301F-11D3-BF4B-00C04F79EFBC}") = "ArchLucid.Persistence.Coordination", "ArchLucid.Persistence.Coordination\ArchLucid.Persistence.Coordination.csproj", "{F0A1B2C3-D4E5-4F67-8901-AABBCCDDEEFF}"
EndProject
Project("{FAE04EC0-301F-11D3-BF4B-00C04F79EFBC}") = "ArchLucid.Persistence.Runtime", "ArchLucid.Persistence.Runtime\ArchLucid.Persistence.Runtime.csproj", "{2E2A936C-CC58-4891-8B3B-1EE104583929}"
EndProject
Project("{FAE04EC0-301F-11D3-BF4B-00C04F79EFBC}") = "ArchLucid.Persistence.Integration", "ArchLucid.Persistence.Integration\ArchLucid.Persistence.Integration.csproj", "{BE9187E9-D46E-4982-B632-C4FE8278D660}"
EndProject
Project("{FAE04EC0-301F-11D3-BF4B-00C04F79EFBC}") = "ArchLucid.Persistence.Alerts", "ArchLucid.Persistence.Alerts\ArchLucid.Persistence.Alerts.csproj", "{E75ABFE8-4F11-44C8-9CEA-1197D2A93C85}"
EndProject
Project("{FAE04EC0-301F-11D3-BF4B-00C04F79EFBC}") = "ArchLucid.Persistence.Advisory", "ArchLucid.Persistence.Advisory\ArchLucid.Persistence.Advisory.csproj", "{5BC96B7C-7D12-4D70-8E1E-CCBE7BB57DC6}"
EndProject
Project("{FAE04EC0-301F-11D3-BF4B-00C04F79EFBC}") = "ArchLucid.Contracts.Abstractions", "ArchLucid.Contracts.Abstractions\ArchLucid.Contracts.Abstractions.csproj", "{489ECE4C-41E0-4D48-9EB2-38733679F2D7}"
EndProject
Project("{FAE04EC0-301F-11D3-BF4B-00C04F79EFBC}") = "ArchLucid.Architecture.Tests", "ArchLucid.Architecture.Tests\ArchLucid.Architecture.Tests.csproj", "{7D9277BB-835D-41F5-9FFD-435291E13704}"
EndProject
Project("{FAE04EC0-301F-11D3-BF4B-00C04F79EFBC}") = "ArchLucid.Host.Composition.Tests", "ArchLucid.Host.Composition.Tests\ArchLucid.Host.Composition.Tests.csproj", "{00AC9D8F-9265-4D8C-BDDA-57BB08416A9E}"
EndProject
Global
	GlobalSection(SolutionConfigurationPlatforms) = preSolution
		Debug|Any CPU = Debug|Any CPU
		Debug|x64 = Debug|x64
		Debug|x86 = Debug|x86
		Release|Any CPU = Release|Any CPU
		Release|x64 = Release|x64
		Release|x86 = Release|x86
	EndGlobalSection
	GlobalSection(ProjectConfigurationPlatforms) = postSolution
		{9DFBBF70-173F-4190-A3F5-2203DFE6C526}.Debug|Any CPU.ActiveCfg = Debug|Any CPU
		{9DFBBF70-173F-4190-A3F5-2203DFE6C526}.Debug|Any CPU.Build.0 = Debug|Any CPU
		{9DFBBF70-173F-4190-A3F5-2203DFE6C526}.Debug|x64.ActiveCfg = Debug|Any CPU
		{9DFBBF70-173F-4190-A3F5-2203DFE6C526}.Debug|x64.Build.0 = Debug|Any CPU
		{9DFBBF70-173F-4190-A3F5-2203DFE6C526}.Debug|x86.ActiveCfg = Debug|Any CPU
		{9DFBBF70-173F-4190-A3F5-2203DFE6C526}.Debug|x86.Build.0 = Debug|Any CPU
		{9DFBBF70-173F-4190-A3F5-2203DFE6C526}.Release|Any CPU.ActiveCfg = Release|Any CPU
		{9DFBBF70-173F-4190-A3F5-2203DFE6C526}.Release|Any CPU.Build.0 = Release|Any CPU
		{9DFBBF70-173F-4190-A3F5-2203DFE6C526}.Release|x64.ActiveCfg = Release|Any CPU
		{9DFBBF70-173F-4190-A3F5-2203DFE6C526}.Release|x64.Build.0 = Release|Any CPU
		{9DFBBF70-173F-4190-A3F5-2203DFE6C526}.Release|x86.ActiveCfg = Release|Any CPU
		{9DFBBF70-173F-4190-A3F5-2203DFE6C526}.Release|x86.Build.0 = Release|Any CPU
		{9150AB13-E527-47F2-83DB-F7FB2B900B8C}.Debug|Any CPU.ActiveCfg = Debug|Any CPU
		{9150AB13-E527-47F2-83DB-F7FB2B900B8C}.Debug|Any CPU.Build.0 = Debug|Any CPU
		{9150AB13-E527-47F2-83DB-F7FB2B900B8C}.Debug|x64.ActiveCfg = Debug|Any CPU
		{9150AB13-E527-47F2-83DB-F7FB2B900B8C}.Debug|x64.Build.0 = Debug|Any CPU
		{9150AB13-E527-47F2-83DB-F7FB2B900B8C}.Debug|x86.ActiveCfg = Debug|Any CPU
		{9150AB13-E527-47F2-83DB-F7FB2B900B8C}.Debug|x86.Build.0 = Debug|Any CPU
		{9150AB13-E527-47F2-83DB-F7FB2B900B8C}.Release|Any CPU.ActiveCfg = Release|Any CPU
		{9150AB13-E527-47F2-83DB-F7FB2B900B8C}.Release|Any CPU.Build.0 = Release|Any CPU
		{9150AB13-E527-47F2-83DB-F7FB2B900B8C}.Release|x64.ActiveCfg = Release|Any CPU
		{9150AB13-E527-47F2-83DB-F7FB2B900B8C}.Release|x64.Build.0 = Release|Any CPU
		{9150AB13-E527-47F2-83DB-F7FB2B900B8C}.Release|x86.ActiveCfg = Release|Any CPU
		{9150AB13-E527-47F2-83DB-F7FB2B900B8C}.Release|x86.Build.0 = Release|Any CPU
		{A0F0E0D0-C0B0-4000-8000-000000000001}.Debug|Any CPU.ActiveCfg = Debug|Any CPU
		{A0F0E0D0-C0B0-4000-8000-000000000001}.Debug|Any CPU.Build.0 = Debug|Any CPU
		{A0F0E0D0-C0B0-4000-8000-000000000001}.Debug|x64.ActiveCfg = Debug|Any CPU
		{A0F0E0D0-C0B0-4000-8000-000000000001}.Debug|x64.Build.0 = Debug|Any CPU
		{A0F0E0D0-C0B0-4000-8000-000000000001}.Debug|x86.ActiveCfg = Debug|Any CPU
		{A0F0E0D0-C0B0-4000-8000-000000000001}.Debug|x86.Build.0 = Debug|Any CPU
		{A0F0E0D0-C0B0-4000-8000-000000000001}.Release|Any CPU.ActiveCfg = Release|Any CPU
		{A0F0E0D0-C0B0-4000-8000-000000000001}.Release|Any CPU.Build.0 = Release|Any CPU
		{A0F0E0D0-C0B0-4000-8000-000000000001}.Release|x64.ActiveCfg = Release|Any CPU
		{A0F0E0D0-C0B0-4000-8000-000000000001}.Release|x64.Build.0 = Release|Any CPU
		{A0F0E0D0-C0B0-4000-8000-000000000001}.Release|x86.ActiveCfg = Release|Any CPU
		{A0F0E0D0-C0B0-4000-8000-000000000001}.Release|x86.Build.0 = Release|Any CPU
		{0CF8BED8-6D7C-4F93-B30C-77B66FE7F2A5}.Debug|Any CPU.ActiveCfg = Debug|Any CPU
		{0CF8BED8-6D7C-4F93-B30C-77B66FE7F2A5}.Debug|Any CPU.Build.0 = Debug|Any CPU
		{0CF8BED8-6D7C-4F93-B30C-77B66FE7F2A5}.Debug|x64.ActiveCfg = Debug|Any CPU
		{0CF8BED8-6D7C-4F93-B30C-77B66FE7F2A5}.Debug|x64.Build.0 = Debug|Any CPU
		{0CF8BED8-6D7C-4F93-B30C-77B66FE7F2A5}.Debug|x86.ActiveCfg = Debug|Any CPU
		{0CF8BED8-6D7C-4F93-B30C-77B66FE7F2A5}.Debug|x86.Build.0 = Debug|Any CPU
		{0CF8BED8-6D7C-4F93-B30C-77B66FE7F2A5}.Release|Any CPU.ActiveCfg = Release|Any CPU
		{0CF8BED8-6D7C-4F93-B30C-77B66FE7F2A5}.Release|Any CPU.Build.0 = Release|Any CPU
		{0CF8BED8-6D7C-4F93-B30C-77B66FE7F2A5}.Release|x64.ActiveCfg = Release|Any CPU
		{0CF8BED8-6D7C-4F93-B30C-77B66FE7F2A5}.Release|x64.Build.0 = Release|Any CPU
		{0CF8BED8-6D7C-4F93-B30C-77B66FE7F2A5}.Release|x86.ActiveCfg = Release|Any CPU
		{0CF8BED8-6D7C-4F93-B30C-77B66FE7F2A5}.Release|x86.Build.0 = Release|Any CPU
		{A1B2C3D4-E5F6-7890-ABCD-EF1234567890}.Debug|Any CPU.ActiveCfg = Debug|Any CPU
		{A1B2C3D4-E5F6-7890-ABCD-EF1234567890}.Debug|Any CPU.Build.0 = Debug|Any CPU
		{A1B2C3D4-E5F6-7890-ABCD-EF1234567890}.Debug|x64.ActiveCfg = Debug|Any CPU
		{A1B2C3D4-E5F6-7890-ABCD-EF1234567890}.Debug|x64.Build.0 = Debug|Any CPU
		{A1B2C3D4-E5F6-7890-ABCD-EF1234567890}.Debug|x86.ActiveCfg = Debug|Any CPU
		{A1B2C3D4-E5F6-7890-ABCD-EF1234567890}.Debug|x86.Build.0 = Debug|Any CPU
		{A1B2C3D4-E5F6-7890-ABCD-EF1234567890}.Release|Any CPU.ActiveCfg = Release|Any CPU
		{A1B2C3D4-E5F6-7890-ABCD-EF1234567890}.Release|Any CPU.Build.0 = Release|Any CPU
		{A1B2C3D4-E5F6-7890-ABCD-EF1234567890}.Release|x64.ActiveCfg = Release|Any CPU
		{A1B2C3D4-E5F6-7890-ABCD-EF1234567890}.Release|x64.Build.0 = Release|Any CPU
		{A1B2C3D4-E5F6-7890-ABCD-EF1234567890}.Release|x86.ActiveCfg = Release|Any CPU
		{A1B2C3D4-E5F6-7890-ABCD-EF1234567890}.Release|x86.Build.0 = Release|Any CPU
		{C3D4E5F6-A7B8-9012-CDEF-234567890123}.Debug|Any CPU.ActiveCfg = Debug|Any CPU
		{C3D4E5F6-A7B8-9012-CDEF-234567890123}.Debug|Any CPU.Build.0 = Debug|Any CPU
		{C3D4E5F6-A7B8-9012-CDEF-234567890123}.Debug|x64.ActiveCfg = Debug|Any CPU
		{C3D4E5F6-A7B8-9012-CDEF-234567890123}.Debug|x64.Build.0 = Debug|Any CPU
		{C3D4E5F6-A7B8-9012-CDEF-234567890123}.Debug|x86.ActiveCfg = Debug|Any CPU
		{C3D4E5F6-A7B8-9012-CDEF-234567890123}.Debug|x86.Build.0 = Debug|Any CPU
		{C3D4E5F6-A7B8-9012-CDEF-234567890123}.Release|Any CPU.ActiveCfg = Release|Any CPU
		{C3D4E5F6-A7B8-9012-CDEF-234567890123}.Release|Any CPU.Build.0 = Release|Any CPU
		{C3D4E5F6-A7B8-9012-CDEF-234567890123}.Release|x64.ActiveCfg = Release|Any CPU
		{C3D4E5F6-A7B8-9012-CDEF-234567890123}.Release|x64.Build.0 = Release|Any CPU
		{C3D4E5F6-A7B8-9012-CDEF-234567890123}.Release|x86.ActiveCfg = Release|Any CPU
		{C3D4E5F6-A7B8-9012-CDEF-234567890123}.Release|x86.Build.0 = Release|Any CPU
		{B2C3D4E5-F6A7-8901-BCDE-F12345678901}.Debug|Any CPU.ActiveCfg = Debug|Any CPU
		{B2C3D4E5-F6A7-8901-BCDE-F12345678901}.Debug|Any CPU.Build.0 = Debug|Any CPU
		{B2C3D4E5-F6A7-8901-BCDE-F12345678901}.Debug|x64.ActiveCfg = Debug|Any CPU
		{B2C3D4E5-F6A7-8901-BCDE-F12345678901}.Debug|x64.Build.0 = Debug|Any CPU
		{B2C3D4E5-F6A7-8901-BCDE-F12345678901}.Debug|x86.ActiveCfg = Debug|Any CPU
		{B2C3D4E5-F6A7-8901-BCDE-F12345678901}.Debug|x86.Build.0 = Debug|Any CPU
		{B2C3D4E5-F6A7-8901-BCDE-F12345678901}.Release|Any CPU.ActiveCfg = Release|Any CPU
		{B2C3D4E5-F6A7-8901-BCDE-F12345678901}.Release|Any CPU.Build.0 = Release|Any CPU
		{B2C3D4E5-F6A7-8901-BCDE-F12345678901}.Release|x64.ActiveCfg = Release|Any CPU
		{B2C3D4E5-F6A7-8901-BCDE-F12345678901}.Release|x64.Build.0 = Release|Any CPU
		{B2C3D4E5-F6A7-8901-BCDE-F12345678901}.Release|x86.ActiveCfg = Release|Any CPU
		{B2C3D4E5-F6A7-8901-BCDE-F12345678901}.Release|x86.Build.0 = Release|Any CPU
		{B74B17AC-A877-4334-AA54-9EF3D1B4C2C6}.Debug|Any CPU.ActiveCfg = Debug|Any CPU
		{B74B17AC-A877-4334-AA54-9EF3D1B4C2C6}.Debug|Any CPU.Build.0 = Debug|Any CPU
		{B74B17AC-A877-4334-AA54-9EF3D1B4C2C6}.Debug|x64.ActiveCfg = Debug|Any CPU
		{B74B17AC-A877-4334-AA54-9EF3D1B4C2C6}.Debug|x64.Build.0 = Debug|Any CPU
		{B74B17AC-A877-4334-AA54-9EF3D1B4C2C6}.Debug|x86.ActiveCfg = Debug|Any CPU
		{B74B17AC-A877-4334-AA54-9EF3D1B4C2C6}.Debug|x86.Build.0 = Debug|Any CPU
		{B74B17AC-A877-4334-AA54-9EF3D1B4C2C6}.Release|Any CPU.ActiveCfg = Release|Any CPU
		{B74B17AC-A877-4334-AA54-9EF3D1B4C2C6}.Release|Any CPU.Build.0 = Release|Any CPU
		{B74B17AC-A877-4334-AA54-9EF3D1B4C2C6}.Release|x64.ActiveCfg = Release|Any CPU
		{B74B17AC-A877-4334-AA54-9EF3D1B4C2C6}.Release|x64.Build.0 = Release|Any CPU
		{B74B17AC-A877-4334-AA54-9EF3D1B4C2C6}.Release|x86.ActiveCfg = Release|Any CPU
		{B74B17AC-A877-4334-AA54-9EF3D1B4C2C6}.Release|x86.Build.0 = Release|Any CPU
		{D84FD236-A30A-49ED-BE82-53D481026B8F}.Debug|Any CPU.ActiveCfg = Debug|Any CPU
		{D84FD236-A30A-49ED-BE82-53D481026B8F}.Debug|Any CPU.Build.0 = Debug|Any CPU
		{D84FD236-A30A-49ED-BE82-53D481026B8F}.Debug|x64.ActiveCfg = Debug|Any CPU
		{D84FD236-A30A-49ED-BE82-53D481026B8F}.Debug|x64.Build.0 = Debug|Any CPU
		{D84FD236-A30A-49ED-BE82-53D481026B8F}.Debug|x86.ActiveCfg = Debug|Any CPU
		{D84FD236-A30A-49ED-BE82-53D481026B8F}.Debug|x86.Build.0 = Debug|Any CPU
		{D84FD236-A30A-49ED-BE82-53D481026B8F}.Release|Any CPU.ActiveCfg = Release|Any CPU
		{D84FD236-A30A-49ED-BE82-53D481026B8F}.Release|Any CPU.Build.0 = Release|Any CPU
		{D84FD236-A30A-49ED-BE82-53D481026B8F}.Release|x64.ActiveCfg = Release|Any CPU
		{D84FD236-A30A-49ED-BE82-53D481026B8F}.Release|x64.Build.0 = Release|Any CPU
		{D84FD236-A30A-49ED-BE82-53D481026B8F}.Release|x86.ActiveCfg = Release|Any CPU
		{D84FD236-A30A-49ED-BE82-53D481026B8F}.Release|x86.Build.0 = Release|Any CPU
		{43069D07-AE75-4A8A-9018-05486D334390}.Debug|Any CPU.ActiveCfg = Debug|Any CPU
		{43069D07-AE75-4A8A-9018-05486D334390}.Debug|Any CPU.Build.0 = Debug|Any CPU
		{43069D07-AE75-4A8A-9018-05486D334390}.Debug|x64.ActiveCfg = Debug|Any CPU
		{43069D07-AE75-4A8A-9018-05486D334390}.Debug|x64.Build.0 = Debug|Any CPU
		{43069D07-AE75-4A8A-9018-05486D334390}.Debug|x86.ActiveCfg = Debug|Any CPU
		{43069D07-AE75-4A8A-9018-05486D334390}.Debug|x86.Build.0 = Debug|Any CPU
		{43069D07-AE75-4A8A-9018-05486D334390}.Release|Any CPU.ActiveCfg = Release|Any CPU
		{43069D07-AE75-4A8A-9018-05486D334390}.Release|Any CPU.Build.0 = Release|Any CPU
		{43069D07-AE75-4A8A-9018-05486D334390}.Release|x64.ActiveCfg = Release|Any CPU
		{43069D07-AE75-4A8A-9018-05486D334390}.Release|x64.Build.0 = Release|Any CPU
		{43069D07-AE75-4A8A-9018-05486D334390}.Release|x86.ActiveCfg = Release|Any CPU
		{43069D07-AE75-4A8A-9018-05486D334390}.Release|x86.Build.0 = Release|Any CPU
		{E7A2C8F1-4B3D-4E9A-8F2C-1D5B6E7A8C9D}.Debug|Any CPU.ActiveCfg = Debug|Any CPU
		{E7A2C8F1-4B3D-4E9A-8F2C-1D5B6E7A8C9D}.Debug|Any CPU.Build.0 = Debug|Any CPU
		{E7A2C8F1-4B3D-4E9A-8F2C-1D5B6E7A8C9D}.Debug|x64.ActiveCfg = Debug|Any CPU
		{E7A2C8F1-4B3D-4E9A-8F2C-1D5B6E7A8C9D}.Debug|x64.Build.0 = Debug|Any CPU
		{E7A2C8F1-4B3D-4E9A-8F2C-1D5B6E7A8C9D}.Debug|x86.ActiveCfg = Debug|Any CPU
		{E7A2C8F1-4B3D-4E9A-8F2C-1D5B6E7A8C9D}.Debug|x86.Build.0 = Debug|Any CPU
		{E7A2C8F1-4B3D-4E9A-8F2C-1D5B6E7A8C9D}.Release|Any CPU.ActiveCfg = Release|Any CPU
		{E7A2C8F1-4B3D-4E9A-8F2C-1D5B6E7A8C9D}.Release|Any CPU.Build.0 = Release|Any CPU
		{E7A2C8F1-4B3D-4E9A-8F2C-1D5B6E7A8C9D}.Release|x64.ActiveCfg = Release|Any CPU
		{E7A2C8F1-4B3D-4E9A-8F2C-1D5B6E7A8C9D}.Release|x64.Build.0 = Release|Any CPU
		{E7A2C8F1-4B3D-4E9A-8F2C-1D5B6E7A8C9D}.Release|x86.ActiveCfg = Release|Any CPU
		{E7A2C8F1-4B3D-4E9A-8F2C-1D5B6E7A8C9D}.Release|x86.Build.0 = Release|Any CPU
		{C81E2D45-1A3B-4F6E-9D2C-8B7A5E4F3D1A}.Debug|Any CPU.ActiveCfg = Debug|Any CPU
		{C81E2D45-1A3B-4F6E-9D2C-8B7A5E4F3D1A}.Debug|Any CPU.Build.0 = Debug|Any CPU
		{C81E2D45-1A3B-4F6E-9D2C-8B7A5E4F3D1A}.Debug|x64.ActiveCfg = Debug|Any CPU
		{C81E2D45-1A3B-4F6E-9D2C-8B7A5E4F3D1A}.Debug|x64.Build.0 = Debug|Any CPU
		{C81E2D45-1A3B-4F6E-9D2C-8B7A5E4F3D1A}.Debug|x86.ActiveCfg = Debug|Any CPU
		{C81E2D45-1A3B-4F6E-9D2C-8B7A5E4F3D1A}.Debug|x86.Build.0 = Debug|Any CPU
		{C81E2D45-1A3B-4F6E-9D2C-8B7A5E4F3D1A}.Release|Any CPU.ActiveCfg = Release|Any CPU
		{C81E2D45-1A3B-4F6E-9D2C-8B7A5E4F3D1A}.Release|Any CPU.Build.0 = Release|Any CPU
		{C81E2D45-1A3B-4F6E-9D2C-8B7A5E4F3D1A}.Release|x64.ActiveCfg = Release|Any CPU
		{C81E2D45-1A3B-4F6E-9D2C-8B7A5E4F3D1A}.Release|x64.Build.0 = Release|Any CPU
		{C81E2D45-1A3B-4F6E-9D2C-8B7A5E4F3D1A}.Release|x86.ActiveCfg = Release|Any CPU
		{C81E2D45-1A3B-4F6E-9D2C-8B7A5E4F3D1A}.Release|x86.Build.0 = Release|Any CPU
		{A9B8C7D6-E5F4-3210-9876-543210FEDCBA}.Debug|Any CPU.ActiveCfg = Debug|Any CPU
		{A9B8C7D6-E5F4-3210-9876-543210FEDCBA}.Debug|Any CPU.Build.0 = Debug|Any CPU
		{A9B8C7D6-E5F4-3210-9876-543210FEDCBA}.Debug|x64.ActiveCfg = Debug|Any CPU
		{A9B8C7D6-E5F4-3210-9876-543210FEDCBA}.Debug|x64.Build.0 = Debug|Any CPU
		{A9B8C7D6-E5F4-3210-9876-543210FEDCBA}.Debug|x86.ActiveCfg = Debug|Any CPU
		{A9B8C7D6-E5F4-3210-9876-543210FEDCBA}.Debug|x86.Build.0 = Debug|Any CPU
		{A9B8C7D6-E5F4-3210-9876-543210FEDCBA}.Release|Any CPU.ActiveCfg = Release|Any CPU
		{A9B8C7D6-E5F4-3210-9876-543210FEDCBA}.Release|Any CPU.Build.0 = Release|Any CPU
		{A9B8C7D6-E5F4-3210-9876-543210FEDCBA}.Release|x64.ActiveCfg = Release|Any CPU
		{A9B8C7D6-E5F4-3210-9876-543210FEDCBA}.Release|x64.Build.0 = Release|Any CPU
		{A9B8C7D6-E5F4-3210-9876-543210FEDCBA}.Release|x86.ActiveCfg = Release|Any CPU
		{A9B8C7D6-E5F4-3210-9876-543210FEDCBA}.Release|x86.Build.0 = Release|Any CPU
		{8FA568F0-9212-8B8C-05C8-7DB8CC48E7E9}.Debug|Any CPU.ActiveCfg = Debug|Any CPU
		{8FA568F0-9212-8B8C-05C8-7DB8CC48E7E9}.Debug|Any CPU.Build.0 = Debug|Any CPU
		{8FA568F0-9212-8B8C-05C8-7DB8CC48E7E9}.Debug|x64.ActiveCfg = Debug|Any CPU
		{8FA568F0-9212-8B8C-05C8-7DB8CC48E7E9}.Debug|x64.Build.0 = Debug|Any CPU
		{8FA568F0-9212-8B8C-05C8-7DB8CC48E7E9}.Debug|x86.ActiveCfg = Debug|Any CPU
		{8FA568F0-9212-8B8C-05C8-7DB8CC48E7E9}.Debug|x86.Build.0 = Debug|Any CPU
		{8FA568F0-9212-8B8C-05C8-7DB8CC48E7E9}.Release|Any CPU.ActiveCfg = Release|Any CPU
		{8FA568F0-9212-8B8C-05C8-7DB8CC48E7E9}.Release|Any CPU.Build.0 = Release|Any CPU
		{8FA568F0-9212-8B8C-05C8-7DB8CC48E7E9}.Release|x64.ActiveCfg = Release|Any CPU
		{8FA568F0-9212-8B8C-05C8-7DB8CC48E7E9}.Release|x64.Build.0 = Release|Any CPU
		{8FA568F0-9212-8B8C-05C8-7DB8CC48E7E9}.Release|x86.ActiveCfg = Release|Any CPU
		{8FA568F0-9212-8B8C-05C8-7DB8CC48E7E9}.Release|x86.Build.0 = Release|Any CPU
		{E1F2A3B4-C5D6-4789-ABCD-EF0123456789}.Debug|Any CPU.ActiveCfg = Debug|Any CPU
		{E1F2A3B4-C5D6-4789-ABCD-EF0123456789}.Debug|Any CPU.Build.0 = Debug|Any CPU
		{E1F2A3B4-C5D6-4789-ABCD-EF0123456789}.Debug|x64.ActiveCfg = Debug|Any CPU
		{E1F2A3B4-C5D6-4789-ABCD-EF0123456789}.Debug|x64.Build.0 = Debug|Any CPU
		{E1F2A3B4-C5D6-4789-ABCD-EF0123456789}.Debug|x86.ActiveCfg = Debug|Any CPU
		{E1F2A3B4-C5D6-4789-ABCD-EF0123456789}.Debug|x86.Build.0 = Debug|Any CPU
		{E1F2A3B4-C5D6-4789-ABCD-EF0123456789}.Release|Any CPU.ActiveCfg = Release|Any CPU
		{E1F2A3B4-C5D6-4789-ABCD-EF0123456789}.Release|Any CPU.Build.0 = Release|Any CPU
		{E1F2A3B4-C5D6-4789-ABCD-EF0123456789}.Release|x64.ActiveCfg = Release|Any CPU
		{E1F2A3B4-C5D6-4789-ABCD-EF0123456789}.Release|x64.Build.0 = Release|Any CPU
		{E1F2A3B4-C5D6-4789-ABCD-EF0123456789}.Release|x86.ActiveCfg = Release|Any CPU
		{E1F2A3B4-C5D6-4789-ABCD-EF0123456789}.Release|x86.Build.0 = Release|Any CPU
		{EFD25BC6-2623-D707-A538-B8069B821FBA}.Debug|Any CPU.ActiveCfg = Debug|Any CPU
		{EFD25BC6-2623-D707-A538-B8069B821FBA}.Debug|Any CPU.Build.0 = Debug|Any CPU
		{EFD25BC6-2623-D707-A538-B8069B821FBA}.Debug|x64.ActiveCfg = Debug|Any CPU
		{EFD25BC6-2623-D707-A538-B8069B821FBA}.Debug|x64.Build.0 = Debug|Any CPU
		{EFD25BC6-2623-D707-A538-B8069B821FBA}.Debug|x86.ActiveCfg = Debug|Any CPU
		{EFD25BC6-2623-D707-A538-B8069B821FBA}.Debug|x86.Build.0 = Debug|Any CPU
		{EFD25BC6-2623-D707-A538-B8069B821FBA}.Release|Any CPU.ActiveCfg = Release|Any CPU
		{EFD25BC6-2623-D707-A538-B8069B821FBA}.Release|Any CPU.Build.0 = Release|Any CPU
		{EFD25BC6-2623-D707-A538-B8069B821FBA}.Release|x64.ActiveCfg = Release|Any CPU
		{EFD25BC6-2623-D707-A538-B8069B821FBA}.Release|x64.Build.0 = Release|Any CPU
		{EFD25BC6-2623-D707-A538-B8069B821FBA}.Release|x86.ActiveCfg = Release|Any CPU
		{EFD25BC6-2623-D707-A538-B8069B821FBA}.Release|x86.Build.0 = Release|Any CPU
		{3A7E2E2B-0C8F-4A1F-8A67-3E0B1B6C9D2E}.Debug|Any CPU.ActiveCfg = Debug|Any CPU
		{3A7E2E2B-0C8F-4A1F-8A67-3E0B1B6C9D2E}.Debug|Any CPU.Build.0 = Debug|Any CPU
		{3A7E2E2B-0C8F-4A1F-8A67-3E0B1B6C9D2E}.Debug|x64.ActiveCfg = Debug|Any CPU
		{3A7E2E2B-0C8F-4A1F-8A67-3E0B1B6C9D2E}.Debug|x64.Build.0 = Debug|Any CPU
		{3A7E2E2B-0C8F-4A1F-8A67-3E0B1B6C9D2E}.Debug|x86.ActiveCfg = Debug|Any CPU
		{3A7E2E2B-0C8F-4A1F-8A67-3E0B1B6C9D2E}.Debug|x86.Build.0 = Debug|Any CPU
		{3A7E2E2B-0C8F-4A1F-8A67-3E0B1B6C9D2E}.Release|Any CPU.ActiveCfg = Release|Any CPU
		{3A7E2E2B-0C8F-4A1F-8A67-3E0B1B6C9D2E}.Release|Any CPU.Build.0 = Release|Any CPU
		{3A7E2E2B-0C8F-4A1F-8A67-3E0B1B6C9D2E}.Release|x64.ActiveCfg = Release|Any CPU
		{3A7E2E2B-0C8F-4A1F-8A67-3E0B1B6C9D2E}.Release|x64.Build.0 = Release|Any CPU
		{3A7E2E2B-0C8F-4A1F-8A67-3E0B1B6C9D2E}.Release|x86.ActiveCfg = Release|Any CPU
		{3A7E2E2B-0C8F-4A1F-8A67-3E0B1B6C9D2E}.Release|x86.Build.0 = Release|Any CPU
		{C4D5E6F7-A8B9-0123-CDEF-456789ABCDEF}.Debug|Any CPU.ActiveCfg = Debug|Any CPU
		{C4D5E6F7-A8B9-0123-CDEF-456789ABCDEF}.Debug|Any CPU.Build.0 = Debug|Any CPU
		{C4D5E6F7-A8B9-0123-CDEF-456789ABCDEF}.Debug|x64.ActiveCfg = Debug|Any CPU
		{C4D5E6F7-A8B9-0123-CDEF-456789ABCDEF}.Debug|x64.Build.0 = Debug|Any CPU
		{C4D5E6F7-A8B9-0123-CDEF-456789ABCDEF}.Debug|x86.ActiveCfg = Debug|Any CPU
		{C4D5E6F7-A8B9-0123-CDEF-456789ABCDEF}.Debug|x86.Build.0 = Debug|Any CPU
		{C4D5E6F7-A8B9-0123-CDEF-456789ABCDEF}.Release|Any CPU.ActiveCfg = Release|Any CPU
		{C4D5E6F7-A8B9-0123-CDEF-456789ABCDEF}.Release|Any CPU.Build.0 = Release|Any CPU
		{C4D5E6F7-A8B9-0123-CDEF-456789ABCDEF}.Release|x64.ActiveCfg = Release|Any CPU
		{C4D5E6F7-A8B9-0123-CDEF-456789ABCDEF}.Release|x64.Build.0 = Release|Any CPU
		{C4D5E6F7-A8B9-0123-CDEF-456789ABCDEF}.Release|x86.ActiveCfg = Release|Any CPU
		{C4D5E6F7-A8B9-0123-CDEF-456789ABCDEF}.Release|x86.Build.0 = Release|Any CPU
		{94A74827-D6D6-3414-6607-FEEEF3334549}.Debug|Any CPU.ActiveCfg = Debug|Any CPU
		{94A74827-D6D6-3414-6607-FEEEF3334549}.Debug|Any CPU.Build.0 = Debug|Any CPU
		{94A74827-D6D6-3414-6607-FEEEF3334549}.Debug|x64.ActiveCfg = Debug|Any CPU
		{94A74827-D6D6-3414-6607-FEEEF3334549}.Debug|x64.Build.0 = Debug|Any CPU
		{94A74827-D6D6-3414-6607-FEEEF3334549}.Debug|x86.ActiveCfg = Debug|Any CPU
		{94A74827-D6D6-3414-6607-FEEEF3334549}.Debug|x86.Build.0 = Debug|Any CPU
		{94A74827-D6D6-3414-6607-FEEEF3334549}.Release|Any CPU.ActiveCfg = Release|Any CPU
		{94A74827-D6D6-3414-6607-FEEEF3334549}.Release|Any CPU.Build.0 = Release|Any CPU
		{94A74827-D6D6-3414-6607-FEEEF3334549}.Release|x64.ActiveCfg = Release|Any CPU
		{94A74827-D6D6-3414-6607-FEEEF3334549}.Release|x64.Build.0 = Release|Any CPU
		{94A74827-D6D6-3414-6607-FEEEF3334549}.Release|x86.ActiveCfg = Release|Any CPU
		{94A74827-D6D6-3414-6607-FEEEF3334549}.Release|x86.Build.0 = Release|Any CPU
		{C7D8E9F0-A1B2-4567-8901-234567890ABC}.Debug|Any CPU.ActiveCfg = Debug|Any CPU
		{C7D8E9F0-A1B2-4567-8901-234567890ABC}.Debug|Any CPU.Build.0 = Debug|Any CPU
		{C7D8E9F0-A1B2-4567-8901-234567890ABC}.Debug|x64.ActiveCfg = Debug|Any CPU
		{C7D8E9F0-A1B2-4567-8901-234567890ABC}.Debug|x64.Build.0 = Debug|Any CPU
		{C7D8E9F0-A1B2-4567-8901-234567890ABC}.Debug|x86.ActiveCfg = Debug|Any CPU
		{C7D8E9F0-A1B2-4567-8901-234567890ABC}.Debug|x86.Build.0 = Debug|Any CPU
		{C7D8E9F0-A1B2-4567-8901-234567890ABC}.Release|Any CPU.ActiveCfg = Release|Any CPU
		{C7D8E9F0-A1B2-4567-8901-234567890ABC}.Release|Any CPU.Build.0 = Release|Any CPU
		{C7D8E9F0-A1B2-4567-8901-234567890ABC}.Release|x64.ActiveCfg = Release|Any CPU
		{C7D8E9F0-A1B2-4567-8901-234567890ABC}.Release|x64.Build.0 = Release|Any CPU
		{C7D8E9F0-A1B2-4567-8901-234567890ABC}.Release|x86.ActiveCfg = Release|Any CPU
		{C7D8E9F0-A1B2-4567-8901-234567890ABC}.Release|x86.Build.0 = Release|Any CPU
		{C1C1C1C1-D1D1-4E11-8E11-111111111111}.Debug|Any CPU.ActiveCfg = Debug|Any CPU
		{C1C1C1C1-D1D1-4E11-8E11-111111111111}.Debug|Any CPU.Build.0 = Debug|Any CPU
		{C1C1C1C1-D1D1-4E11-8E11-111111111111}.Debug|x64.ActiveCfg = Debug|Any CPU
		{C1C1C1C1-D1D1-4E11-8E11-111111111111}.Debug|x64.Build.0 = Debug|Any CPU
		{C1C1C1C1-D1D1-4E11-8E11-111111111111}.Debug|x86.ActiveCfg = Debug|Any CPU
		{C1C1C1C1-D1D1-4E11-8E11-111111111111}.Debug|x86.Build.0 = Debug|Any CPU
		{C1C1C1C1-D1D1-4E11-8E11-111111111111}.Release|Any CPU.ActiveCfg = Release|Any CPU
		{C1C1C1C1-D1D1-4E11-8E11-111111111111}.Release|Any CPU.Build.0 = Release|Any CPU
		{C1C1C1C1-D1D1-4E11-8E11-111111111111}.Release|x64.ActiveCfg = Release|Any CPU
		{C1C1C1C1-D1D1-4E11-8E11-111111111111}.Release|x64.Build.0 = Release|Any CPU
		{C1C1C1C1-D1D1-4E11-8E11-111111111111}.Release|x86.ActiveCfg = Release|Any CPU
		{C1C1C1C1-D1D1-4E11-8E11-111111111111}.Release|x86.Build.0 = Release|Any CPU
		{D1E2F3A4-B5C6-7890-DEF1-234567890ABC}.Debug|Any CPU.ActiveCfg = Debug|Any CPU
		{D1E2F3A4-B5C6-7890-DEF1-234567890ABC}.Debug|Any CPU.Build.0 = Debug|Any CPU
		{D1E2F3A4-B5C6-7890-DEF1-234567890ABC}.Debug|x64.ActiveCfg = Debug|Any CPU
		{D1E2F3A4-B5C6-7890-DEF1-234567890ABC}.Debug|x64.Build.0 = Debug|Any CPU
		{D1E2F3A4-B5C6-7890-DEF1-234567890ABC}.Debug|x86.ActiveCfg = Debug|Any CPU
		{D1E2F3A4-B5C6-7890-DEF1-234567890ABC}.Debug|x86.Build.0 = Debug|Any CPU
		{D1E2F3A4-B5C6-7890-DEF1-234567890ABC}.Release|Any CPU.ActiveCfg = Release|Any CPU
		{D1E2F3A4-B5C6-7890-DEF1-234567890ABC}.Release|Any CPU.Build.0 = Release|Any CPU
		{D1E2F3A4-B5C6-7890-DEF1-234567890ABC}.Release|x64.ActiveCfg = Release|Any CPU
		{D1E2F3A4-B5C6-7890-DEF1-234567890ABC}.Release|x64.Build.0 = Release|Any CPU
		{D1E2F3A4-B5C6-7890-DEF1-234567890ABC}.Release|x86.ActiveCfg = Release|Any CPU
		{D1E2F3A4-B5C6-7890-DEF1-234567890ABC}.Release|x86.Build.0 = Release|Any CPU
		{A2B3C4D5-E6F7-8901-ABCD-EF2345678901}.Debug|Any CPU.ActiveCfg = Debug|Any CPU
		{A2B3C4D5-E6F7-8901-ABCD-EF2345678901}.Debug|Any CPU.Build.0 = Debug|Any CPU
		{A2B3C4D5-E6F7-8901-ABCD-EF2345678901}.Debug|x64.ActiveCfg = Debug|Any CPU
		{A2B3C4D5-E6F7-8901-ABCD-EF2345678901}.Debug|x64.Build.0 = Debug|Any CPU
		{A2B3C4D5-E6F7-8901-ABCD-EF2345678901}.Debug|x86.ActiveCfg = Debug|Any CPU
		{A2B3C4D5-E6F7-8901-ABCD-EF2345678901}.Debug|x86.Build.0 = Debug|Any CPU
		{A2B3C4D5-E6F7-8901-ABCD-EF2345678901}.Release|Any CPU.ActiveCfg = Release|Any CPU
		{A2B3C4D5-E6F7-8901-ABCD-EF2345678901}.Release|Any CPU.Build.0 = Release|Any CPU
		{A2B3C4D5-E6F7-8901-ABCD-EF2345678901}.Release|x64.ActiveCfg = Release|Any CPU
		{A2B3C4D5-E6F7-8901-ABCD-EF2345678901}.Release|x64.Build.0 = Release|Any CPU
		{A2B3C4D5-E6F7-8901-ABCD-EF2345678901}.Release|x86.ActiveCfg = Release|Any CPU
		{A2B3C4D5-E6F7-8901-ABCD-EF2345678901}.Release|x86.Build.0 = Release|Any CPU
		{F4A5B6C7-D8E9-0123-FABC-DEF456789012}.Debug|Any CPU.ActiveCfg = Debug|Any CPU
		{F4A5B6C7-D8E9-0123-FABC-DEF456789012}.Debug|Any CPU.Build.0 = Debug|Any CPU
		{F4A5B6C7-D8E9-0123-FABC-DEF456789012}.Debug|x64.ActiveCfg = Debug|Any CPU
		{F4A5B6C7-D8E9-0123-FABC-DEF456789012}.Debug|x64.Build.0 = Debug|Any CPU
		{F4A5B6C7-D8E9-0123-FABC-DEF456789012}.Debug|x86.ActiveCfg = Debug|Any CPU
		{F4A5B6C7-D8E9-0123-FABC-DEF456789012}.Debug|x86.Build.0 = Debug|Any CPU
		{F4A5B6C7-D8E9-0123-FABC-DEF456789012}.Release|Any CPU.ActiveCfg = Release|Any CPU
		{F4A5B6C7-D8E9-0123-FABC-DEF456789012}.Release|Any CPU.Build.0 = Release|Any CPU
		{F4A5B6C7-D8E9-0123-FABC-DEF456789012}.Release|x64.ActiveCfg = Release|Any CPU
		{F4A5B6C7-D8E9-0123-FABC-DEF456789012}.Release|x64.Build.0 = Release|Any CPU
		{F4A5B6C7-D8E9-0123-FABC-DEF456789012}.Release|x86.ActiveCfg = Release|Any CPU
		{F4A5B6C7-D8E9-0123-FABC-DEF456789012}.Release|x86.Build.0 = Release|Any CPU
		{B5C6D7E8-F9A0-4A5B-8C9D-0E1F2A3B4C5D}.Debug|Any CPU.ActiveCfg = Debug|Any CPU
		{B5C6D7E8-F9A0-4A5B-8C9D-0E1F2A3B4C5D}.Debug|Any CPU.Build.0 = Debug|Any CPU
		{B5C6D7E8-F9A0-4A5B-8C9D-0E1F2A3B4C5D}.Debug|x64.ActiveCfg = Debug|Any CPU
		{B5C6D7E8-F9A0-4A5B-8C9D-0E1F2A3B4C5D}.Debug|x64.Build.0 = Debug|Any CPU
		{B5C6D7E8-F9A0-4A5B-8C9D-0E1F2A3B4C5D}.Debug|x86.ActiveCfg = Debug|Any CPU
		{B5C6D7E8-F9A0-4A5B-8C9D-0E1F2A3B4C5D}.Debug|x86.Build.0 = Debug|Any CPU
		{B5C6D7E8-F9A0-4A5B-8C9D-0E1F2A3B4C5D}.Release|Any CPU.ActiveCfg = Release|Any CPU
		{B5C6D7E8-F9A0-4A5B-8C9D-0E1F2A3B4C5D}.Release|Any CPU.Build.0 = Release|Any CPU
		{B5C6D7E8-F9A0-4A5B-8C9D-0E1F2A3B4C5D}.Release|x64.ActiveCfg = Release|Any CPU
		{B5C6D7E8-F9A0-4A5B-8C9D-0E1F2A3B4C5D}.Release|x64.Build.0 = Release|Any CPU
		{B5C6D7E8-F9A0-4A5B-8C9D-0E1F2A3B4C5D}.Release|x86.ActiveCfg = Release|Any CPU
		{B5C6D7E8-F9A0-4A5B-8C9D-0E1F2A3B4C5D}.Release|x86.Build.0 = Release|Any CPU
		{F51E77F0-78E5-4ADB-8829-1F17D25AF564}.Debug|Any CPU.ActiveCfg = Debug|Any CPU
		{F51E77F0-78E5-4ADB-8829-1F17D25AF564}.Debug|Any CPU.Build.0 = Debug|Any CPU
		{F51E77F0-78E5-4ADB-8829-1F17D25AF564}.Debug|x64.ActiveCfg = Debug|Any CPU
		{F51E77F0-78E5-4ADB-8829-1F17D25AF564}.Debug|x64.Build.0 = Debug|Any CPU
		{F51E77F0-78E5-4ADB-8829-1F17D25AF564}.Debug|x86.ActiveCfg = Debug|Any CPU
		{F51E77F0-78E5-4ADB-8829-1F17D25AF564}.Debug|x86.Build.0 = Debug|Any CPU
		{F51E77F0-78E5-4ADB-8829-1F17D25AF564}.Release|Any CPU.ActiveCfg = Release|Any CPU
		{F51E77F0-78E5-4ADB-8829-1F17D25AF564}.Release|Any CPU.Build.0 = Release|Any CPU
		{F51E77F0-78E5-4ADB-8829-1F17D25AF564}.Release|x64.ActiveCfg = Release|Any CPU
		{F51E77F0-78E5-4ADB-8829-1F17D25AF564}.Release|x64.Build.0 = Release|Any CPU
		{F51E77F0-78E5-4ADB-8829-1F17D25AF564}.Release|x86.ActiveCfg = Release|Any CPU
		{F51E77F0-78E5-4ADB-8829-1F17D25AF564}.Release|x86.Build.0 = Release|Any CPU
		{99449A88-AF64-48D2-803A-1EA348474812}.Debug|Any CPU.ActiveCfg = Debug|Any CPU
		{99449A88-AF64-48D2-803A-1EA348474812}.Debug|Any CPU.Build.0 = Debug|Any CPU
		{99449A88-AF64-48D2-803A-1EA348474812}.Debug|x64.ActiveCfg = Debug|Any CPU
		{99449A88-AF64-48D2-803A-1EA348474812}.Debug|x64.Build.0 = Debug|Any CPU
		{99449A88-AF64-48D2-803A-1EA348474812}.Debug|x86.ActiveCfg = Debug|Any CPU
		{99449A88-AF64-48D2-803A-1EA348474812}.Debug|x86.Build.0 = Debug|Any CPU
		{99449A88-AF64-48D2-803A-1EA348474812}.Release|Any CPU.ActiveCfg = Release|Any CPU
		{99449A88-AF64-48D2-803A-1EA348474812}.Release|Any CPU.Build.0 = Release|Any CPU
		{99449A88-AF64-48D2-803A-1EA348474812}.Release|x64.ActiveCfg = Release|Any CPU
		{99449A88-AF64-48D2-803A-1EA348474812}.Release|x64.Build.0 = Release|Any CPU
		{99449A88-AF64-48D2-803A-1EA348474812}.Release|x86.ActiveCfg = Release|Any CPU
		{99449A88-AF64-48D2-803A-1EA348474812}.Release|x86.Build.0 = Release|Any CPU
		{50D243DC-57F5-47F2-AC7D-EBB6D162B0EF}.Debug|Any CPU.ActiveCfg = Debug|Any CPU
		{50D243DC-57F5-47F2-AC7D-EBB6D162B0EF}.Debug|Any CPU.Build.0 = Debug|Any CPU
		{50D243DC-57F5-47F2-AC7D-EBB6D162B0EF}.Debug|x64.ActiveCfg = Debug|Any CPU
		{50D243DC-57F5-47F2-AC7D-EBB6D162B0EF}.Debug|x64.Build.0 = Debug|Any CPU
		{50D243DC-57F5-47F2-AC7D-EBB6D162B0EF}.Debug|x86.ActiveCfg = Debug|Any CPU
		{50D243DC-57F5-47F2-AC7D-EBB6D162B0EF}.Debug|x86.Build.0 = Debug|Any CPU
		{50D243DC-57F5-47F2-AC7D-EBB6D162B0EF}.Release|Any CPU.ActiveCfg = Release|Any CPU
		{50D243DC-57F5-47F2-AC7D-EBB6D162B0EF}.Release|Any CPU.Build.0 = Release|Any CPU
		{50D243DC-57F5-47F2-AC7D-EBB6D162B0EF}.Release|x64.ActiveCfg = Release|Any CPU
		{50D243DC-57F5-47F2-AC7D-EBB6D162B0EF}.Release|x64.Build.0 = Release|Any CPU
		{50D243DC-57F5-47F2-AC7D-EBB6D162B0EF}.Release|x86.ActiveCfg = Release|Any CPU
		{50D243DC-57F5-47F2-AC7D-EBB6D162B0EF}.Release|x86.Build.0 = Release|Any CPU
		{ABB665B3-314F-498C-BA1C-0BD4AD8E53EC}.Debug|Any CPU.ActiveCfg = Debug|Any CPU
		{ABB665B3-314F-498C-BA1C-0BD4AD8E53EC}.Debug|Any CPU.Build.0 = Debug|Any CPU
		{ABB665B3-314F-498C-BA1C-0BD4AD8E53EC}.Debug|x64.ActiveCfg = Debug|Any CPU
		{ABB665B3-314F-498C-BA1C-0BD4AD8E53EC}.Debug|x64.Build.0 = Debug|Any CPU
		{ABB665B3-314F-498C-BA1C-0BD4AD8E53EC}.Debug|x86.ActiveCfg = Debug|Any CPU
		{ABB665B3-314F-498C-BA1C-0BD4AD8E53EC}.Debug|x86.Build.0 = Debug|Any CPU
		{ABB665B3-314F-498C-BA1C-0BD4AD8E53EC}.Release|Any CPU.ActiveCfg = Release|Any CPU
		{ABB665B3-314F-498C-BA1C-0BD4AD8E53EC}.Release|Any CPU.Build.0 = Release|Any CPU
		{ABB665B3-314F-498C-BA1C-0BD4AD8E53EC}.Release|x64.ActiveCfg = Release|Any CPU
		{ABB665B3-314F-498C-BA1C-0BD4AD8E53EC}.Release|x64.Build.0 = Release|Any CPU
		{ABB665B3-314F-498C-BA1C-0BD4AD8E53EC}.Release|x86.ActiveCfg = Release|Any CPU
		{ABB665B3-314F-498C-BA1C-0BD4AD8E53EC}.Release|x86.Build.0 = Release|Any CPU
		{B558395D-5D27-4E15-A726-D1844D4CF9D0}.Debug|Any CPU.ActiveCfg = Debug|Any CPU
		{B558395D-5D27-4E15-A726-D1844D4CF9D0}.Debug|Any CPU.Build.0 = Debug|Any CPU
		{B558395D-5D27-4E15-A726-D1844D4CF9D0}.Debug|x64.ActiveCfg = Debug|Any CPU
		{B558395D-5D27-4E15-A726-D1844D4CF9D0}.Debug|x64.Build.0 = Debug|Any CPU
		{B558395D-5D27-4E15-A726-D1844D4CF9D0}.Debug|x86.ActiveCfg = Debug|Any CPU
		{B558395D-5D27-4E15-A726-D1844D4CF9D0}.Debug|x86.Build.0 = Debug|Any CPU
		{B558395D-5D27-4E15-A726-D1844D4CF9D0}.Release|Any CPU.ActiveCfg = Release|Any CPU
		{B558395D-5D27-4E15-A726-D1844D4CF9D0}.Release|Any CPU.Build.0 = Release|Any CPU
		{B558395D-5D27-4E15-A726-D1844D4CF9D0}.Release|x64.ActiveCfg = Release|Any CPU
		{B558395D-5D27-4E15-A726-D1844D4CF9D0}.Release|x64.Build.0 = Release|Any CPU
		{B558395D-5D27-4E15-A726-D1844D4CF9D0}.Release|x86.ActiveCfg = Release|Any CPU
		{B558395D-5D27-4E15-A726-D1844D4CF9D0}.Release|x86.Build.0 = Release|Any CPU
		{36BF3223-42C2-4365-A32F-CF527EA01DDB}.Debug|Any CPU.ActiveCfg = Debug|Any CPU
		{36BF3223-42C2-4365-A32F-CF527EA01DDB}.Debug|Any CPU.Build.0 = Debug|Any CPU
		{36BF3223-42C2-4365-A32F-CF527EA01DDB}.Debug|x64.ActiveCfg = Debug|Any CPU
		{36BF3223-42C2-4365-A32F-CF527EA01DDB}.Debug|x64.Build.0 = Debug|Any CPU
		{36BF3223-42C2-4365-A32F-CF527EA01DDB}.Debug|x86.ActiveCfg = Debug|Any CPU
		{36BF3223-42C2-4365-A32F-CF527EA01DDB}.Debug|x86.Build.0 = Debug|Any CPU
		{36BF3223-42C2-4365-A32F-CF527EA01DDB}.Release|Any CPU.ActiveCfg = Release|Any CPU
		{36BF3223-42C2-4365-A32F-CF527EA01DDB}.Release|Any CPU.Build.0 = Release|Any CPU
		{36BF3223-42C2-4365-A32F-CF527EA01DDB}.Release|x64.ActiveCfg = Release|Any CPU
		{36BF3223-42C2-4365-A32F-CF527EA01DDB}.Release|x64.Build.0 = Release|Any CPU
		{36BF3223-42C2-4365-A32F-CF527EA01DDB}.Release|x86.ActiveCfg = Release|Any CPU
		{36BF3223-42C2-4365-A32F-CF527EA01DDB}.Release|x86.Build.0 = Release|Any CPU
		{6434CF04-818C-4D93-9B4B-8652D31E1C0B}.Debug|Any CPU.ActiveCfg = Debug|Any CPU
		{6434CF04-818C-4D93-9B4B-8652D31E1C0B}.Debug|Any CPU.Build.0 = Debug|Any CPU
		{6434CF04-818C-4D93-9B4B-8652D31E1C0B}.Debug|x64.ActiveCfg = Debug|Any CPU
		{6434CF04-818C-4D93-9B4B-8652D31E1C0B}.Debug|x64.Build.0 = Debug|Any CPU
		{6434CF04-818C-4D93-9B4B-8652D31E1C0B}.Debug|x86.ActiveCfg = Debug|Any CPU
		{6434CF04-818C-4D93-9B4B-8652D31E1C0B}.Debug|x86.Build.0 = Debug|Any CPU
		{6434CF04-818C-4D93-9B4B-8652D31E1C0B}.Release|Any CPU.ActiveCfg = Release|Any CPU
		{6434CF04-818C-4D93-9B4B-8652D31E1C0B}.Release|Any CPU.Build.0 = Release|Any CPU
		{6434CF04-818C-4D93-9B4B-8652D31E1C0B}.Release|x64.ActiveCfg = Release|Any CPU
		{6434CF04-818C-4D93-9B4B-8652D31E1C0B}.Release|x64.Build.0 = Release|Any CPU
		{6434CF04-818C-4D93-9B4B-8652D31E1C0B}.Release|x86.ActiveCfg = Release|Any CPU
		{6434CF04-818C-4D93-9B4B-8652D31E1C0B}.Release|x86.Build.0 = Release|Any CPU
		{5CDADB7E-3C29-4170-A059-29803BA5A41D}.Debug|Any CPU.ActiveCfg = Debug|Any CPU
		{5CDADB7E-3C29-4170-A059-29803BA5A41D}.Debug|Any CPU.Build.0 = Debug|Any CPU
		{5CDADB7E-3C29-4170-A059-29803BA5A41D}.Debug|x64.ActiveCfg = Debug|Any CPU
		{5CDADB7E-3C29-4170-A059-29803BA5A41D}.Debug|x64.Build.0 = Debug|Any CPU
		{5CDADB7E-3C29-4170-A059-29803BA5A41D}.Debug|x86.ActiveCfg = Debug|Any CPU
		{5CDADB7E-3C29-4170-A059-29803BA5A41D}.Debug|x86.Build.0 = Debug|Any CPU
		{5CDADB7E-3C29-4170-A059-29803BA5A41D}.Release|Any CPU.ActiveCfg = Release|Any CPU
		{5CDADB7E-3C29-4170-A059-29803BA5A41D}.Release|Any CPU.Build.0 = Release|Any CPU
		{5CDADB7E-3C29-4170-A059-29803BA5A41D}.Release|x64.ActiveCfg = Release|Any CPU
		{5CDADB7E-3C29-4170-A059-29803BA5A41D}.Release|x64.Build.0 = Release|Any CPU
		{5CDADB7E-3C29-4170-A059-29803BA5A41D}.Release|x86.ActiveCfg = Release|Any CPU
		{5CDADB7E-3C29-4170-A059-29803BA5A41D}.Release|x86.Build.0 = Release|Any CPU
		{9663B718-58A9-4A9D-806E-8722094C4351}.Debug|Any CPU.ActiveCfg = Debug|Any CPU
		{9663B718-58A9-4A9D-806E-8722094C4351}.Debug|Any CPU.Build.0 = Debug|Any CPU
		{9663B718-58A9-4A9D-806E-8722094C4351}.Debug|x64.ActiveCfg = Debug|Any CPU
		{9663B718-58A9-4A9D-806E-8722094C4351}.Debug|x64.Build.0 = Debug|Any CPU
		{9663B718-58A9-4A9D-806E-8722094C4351}.Debug|x86.ActiveCfg = Debug|Any CPU
		{9663B718-58A9-4A9D-806E-8722094C4351}.Debug|x86.Build.0 = Debug|Any CPU
		{9663B718-58A9-4A9D-806E-8722094C4351}.Release|Any CPU.ActiveCfg = Release|Any CPU
		{9663B718-58A9-4A9D-806E-8722094C4351}.Release|Any CPU.Build.0 = Release|Any CPU
		{9663B718-58A9-4A9D-806E-8722094C4351}.Release|x64.ActiveCfg = Release|Any CPU
		{9663B718-58A9-4A9D-806E-8722094C4351}.Release|x64.Build.0 = Release|Any CPU
		{9663B718-58A9-4A9D-806E-8722094C4351}.Release|x86.ActiveCfg = Release|Any CPU
		{9663B718-58A9-4A9D-806E-8722094C4351}.Release|x86.Build.0 = Release|Any CPU
		{39C4537E-16D2-45F9-B9BB-922CA65C588C}.Debug|Any CPU.ActiveCfg = Debug|Any CPU
		{39C4537E-16D2-45F9-B9BB-922CA65C588C}.Debug|Any CPU.Build.0 = Debug|Any CPU
		{39C4537E-16D2-45F9-B9BB-922CA65C588C}.Debug|x64.ActiveCfg = Debug|Any CPU
		{39C4537E-16D2-45F9-B9BB-922CA65C588C}.Debug|x64.Build.0 = Debug|Any CPU
		{39C4537E-16D2-45F9-B9BB-922CA65C588C}.Debug|x86.ActiveCfg = Debug|Any CPU
		{39C4537E-16D2-45F9-B9BB-922CA65C588C}.Debug|x86.Build.0 = Debug|Any CPU
		{39C4537E-16D2-45F9-B9BB-922CA65C588C}.Release|Any CPU.ActiveCfg = Release|Any CPU
		{39C4537E-16D2-45F9-B9BB-922CA65C588C}.Release|Any CPU.Build.0 = Release|Any CPU
		{39C4537E-16D2-45F9-B9BB-922CA65C588C}.Release|x64.ActiveCfg = Release|Any CPU
		{39C4537E-16D2-45F9-B9BB-922CA65C588C}.Release|x64.Build.0 = Release|Any CPU
		{39C4537E-16D2-45F9-B9BB-922CA65C588C}.Release|x86.ActiveCfg = Release|Any CPU
		{39C4537E-16D2-45F9-B9BB-922CA65C588C}.Release|x86.Build.0 = Release|Any CPU
		{5E9E03D0-8E76-486C-9C07-80A6D9E6CFC6}.Debug|Any CPU.ActiveCfg = Debug|Any CPU
		{5E9E03D0-8E76-486C-9C07-80A6D9E6CFC6}.Debug|Any CPU.Build.0 = Debug|Any CPU
		{5E9E03D0-8E76-486C-9C07-80A6D9E6CFC6}.Debug|x64.ActiveCfg = Debug|Any CPU
		{5E9E03D0-8E76-486C-9C07-80A6D9E6CFC6}.Debug|x64.Build.0 = Debug|Any CPU
		{5E9E03D0-8E76-486C-9C07-80A6D9E6CFC6}.Debug|x86.ActiveCfg = Debug|Any CPU
		{5E9E03D0-8E76-486C-9C07-80A6D9E6CFC6}.Debug|x86.Build.0 = Debug|Any CPU
		{5E9E03D0-8E76-486C-9C07-80A6D9E6CFC6}.Release|Any CPU.ActiveCfg = Release|Any CPU
		{5E9E03D0-8E76-486C-9C07-80A6D9E6CFC6}.Release|Any CPU.Build.0 = Release|Any CPU
		{5E9E03D0-8E76-486C-9C07-80A6D9E6CFC6}.Release|x64.ActiveCfg = Release|Any CPU
		{5E9E03D0-8E76-486C-9C07-80A6D9E6CFC6}.Release|x64.Build.0 = Release|Any CPU
		{5E9E03D0-8E76-486C-9C07-80A6D9E6CFC6}.Release|x86.ActiveCfg = Release|Any CPU
		{5E9E03D0-8E76-486C-9C07-80A6D9E6CFC6}.Release|x86.Build.0 = Release|Any CPU
		{DB0E320C-CA9F-4B8A-AE15-FEC3CF8512CF}.Debug|Any CPU.ActiveCfg = Debug|Any CPU
		{DB0E320C-CA9F-4B8A-AE15-FEC3CF8512CF}.Debug|Any CPU.Build.0 = Debug|Any CPU
		{DB0E320C-CA9F-4B8A-AE15-FEC3CF8512CF}.Debug|x64.ActiveCfg = Debug|Any CPU
		{DB0E320C-CA9F-4B8A-AE15-FEC3CF8512CF}.Debug|x64.Build.0 = Debug|Any CPU
		{DB0E320C-CA9F-4B8A-AE15-FEC3CF8512CF}.Debug|x86.ActiveCfg = Debug|Any CPU
		{DB0E320C-CA9F-4B8A-AE15-FEC3CF8512CF}.Debug|x86.Build.0 = Debug|Any CPU
		{DB0E320C-CA9F-4B8A-AE15-FEC3CF8512CF}.Release|Any CPU.ActiveCfg = Release|Any CPU
		{DB0E320C-CA9F-4B8A-AE15-FEC3CF8512CF}.Release|Any CPU.Build.0 = Release|Any CPU
		{DB0E320C-CA9F-4B8A-AE15-FEC3CF8512CF}.Release|x64.ActiveCfg = Release|Any CPU
		{DB0E320C-CA9F-4B8A-AE15-FEC3CF8512CF}.Release|x64.Build.0 = Release|Any CPU
		{DB0E320C-CA9F-4B8A-AE15-FEC3CF8512CF}.Release|x86.ActiveCfg = Release|Any CPU
		{DB0E320C-CA9F-4B8A-AE15-FEC3CF8512CF}.Release|x86.Build.0 = Release|Any CPU
		{F0A1B2C3-D4E5-4F67-8901-AABBCCDDEEFF}.Debug|Any CPU.ActiveCfg = Debug|Any CPU
		{F0A1B2C3-D4E5-4F67-8901-AABBCCDDEEFF}.Debug|Any CPU.Build.0 = Debug|Any CPU
		{F0A1B2C3-D4E5-4F67-8901-AABBCCDDEEFF}.Debug|x64.ActiveCfg = Debug|Any CPU
		{F0A1B2C3-D4E5-4F67-8901-AABBCCDDEEFF}.Debug|x64.Build.0 = Debug|Any CPU
		{F0A1B2C3-D4E5-4F67-8901-AABBCCDDEEFF}.Debug|x86.ActiveCfg = Debug|Any CPU
		{F0A1B2C3-D4E5-4F67-8901-AABBCCDDEEFF}.Debug|x86.Build.0 = Debug|Any CPU
		{F0A1B2C3-D4E5-4F67-8901-AABBCCDDEEFF}.Release|Any CPU.ActiveCfg = Release|Any CPU
		{F0A1B2C3-D4E5-4F67-8901-AABBCCDDEEFF}.Release|Any CPU.Build.0 = Release|Any CPU
		{F0A1B2C3-D4E5-4F67-8901-AABBCCDDEEFF}.Release|x64.ActiveCfg = Release|Any CPU
		{F0A1B2C3-D4E5-4F67-8901-AABBCCDDEEFF}.Release|x64.Build.0 = Release|Any CPU
		{F0A1B2C3-D4E5-4F67-8901-AABBCCDDEEFF}.Release|x86.ActiveCfg = Release|Any CPU
		{F0A1B2C3-D4E5-4F67-8901-AABBCCDDEEFF}.Release|x86.Build.0 = Release|Any CPU
		{2E2A936C-CC58-4891-8B3B-1EE104583929}.Debug|Any CPU.ActiveCfg = Debug|Any CPU
		{2E2A936C-CC58-4891-8B3B-1EE104583929}.Debug|Any CPU.Build.0 = Debug|Any CPU
		{2E2A936C-CC58-4891-8B3B-1EE104583929}.Debug|x64.ActiveCfg = Debug|Any CPU
		{2E2A936C-CC58-4891-8B3B-1EE104583929}.Debug|x64.Build.0 = Debug|Any CPU
		{2E2A936C-CC58-4891-8B3B-1EE104583929}.Debug|x86.ActiveCfg = Debug|Any CPU
		{2E2A936C-CC58-4891-8B3B-1EE104583929}.Debug|x86.Build.0 = Debug|Any CPU
		{2E2A936C-CC58-4891-8B3B-1EE104583929}.Release|Any CPU.ActiveCfg = Release|Any CPU
		{2E2A936C-CC58-4891-8B3B-1EE104583929}.Release|Any CPU.Build.0 = Release|Any CPU
		{2E2A936C-CC58-4891-8B3B-1EE104583929}.Release|x64.ActiveCfg = Release|Any CPU
		{2E2A936C-CC58-4891-8B3B-1EE104583929}.Release|x64.Build.0 = Release|Any CPU
		{2E2A936C-CC58-4891-8B3B-1EE104583929}.Release|x86.ActiveCfg = Release|Any CPU
		{2E2A936C-CC58-4891-8B3B-1EE104583929}.Release|x86.Build.0 = Release|Any CPU
		{BE9187E9-D46E-4982-B632-C4FE8278D660}.Debug|Any CPU.ActiveCfg = Debug|Any CPU
		{BE9187E9-D46E-4982-B632-C4FE8278D660}.Debug|Any CPU.Build.0 = Debug|Any CPU
		{BE9187E9-D46E-4982-B632-C4FE8278D660}.Debug|x64.ActiveCfg = Debug|Any CPU
		{BE9187E9-D46E-4982-B632-C4FE8278D660}.Debug|x64.Build.0 = Debug|Any CPU
		{BE9187E9-D46E-4982-B632-C4FE8278D660}.Debug|x86.ActiveCfg = Debug|Any CPU
		{BE9187E9-D46E-4982-B632-C4FE8278D660}.Debug|x86.Build.0 = Debug|Any CPU
		{BE9187E9-D46E-4982-B632-C4FE8278D660}.Release|Any CPU.ActiveCfg = Release|Any CPU
		{BE9187E9-D46E-4982-B632-C4FE8278D660}.Release|Any CPU.Build.0 = Release|Any CPU
		{BE9187E9-D46E-4982-B632-C4FE8278D660}.Release|x64.ActiveCfg = Release|Any CPU
		{BE9187E9-D46E-4982-B632-C4FE8278D660}.Release|x64.Build.0 = Release|Any CPU
		{BE9187E9-D46E-4982-B632-C4FE8278D660}.Release|x86.ActiveCfg = Release|Any CPU
		{BE9187E9-D46E-4982-B632-C4FE8278D660}.Release|x86.Build.0 = Release|Any CPU
		{E75ABFE8-4F11-44C8-9CEA-1197D2A93C85}.Debug|Any CPU.ActiveCfg = Debug|Any CPU
		{E75ABFE8-4F11-44C8-9CEA-1197D2A93C85}.Debug|Any CPU.Build.0 = Debug|Any CPU
		{E75ABFE8-4F11-44C8-9CEA-1197D2A93C85}.Debug|x64.ActiveCfg = Debug|Any CPU
		{E75ABFE8-4F11-44C8-9CEA-1197D2A93C85}.Debug|x64.Build.0 = Debug|Any CPU
		{E75ABFE8-4F11-44C8-9CEA-1197D2A93C85}.Debug|x86.ActiveCfg = Debug|Any CPU
		{E75ABFE8-4F11-44C8-9CEA-1197D2A93C85}.Debug|x86.Build.0 = Debug|Any CPU
		{E75ABFE8-4F11-44C8-9CEA-1197D2A93C85}.Release|Any CPU.ActiveCfg = Release|Any CPU
		{E75ABFE8-4F11-44C8-9CEA-1197D2A93C85}.Release|Any CPU.Build.0 = Release|Any CPU
		{E75ABFE8-4F11-44C8-9CEA-1197D2A93C85}.Release|x64.ActiveCfg = Release|Any CPU
		{E75ABFE8-4F11-44C8-9CEA-1197D2A93C85}.Release|x64.Build.0 = Release|Any CPU
		{E75ABFE8-4F11-44C8-9CEA-1197D2A93C85}.Release|x86.ActiveCfg = Release|Any CPU
		{E75ABFE8-4F11-44C8-9CEA-1197D2A93C85}.Release|x86.Build.0 = Release|Any CPU
		{5BC96B7C-7D12-4D70-8E1E-CCBE7BB57DC6}.Debug|Any CPU.ActiveCfg = Debug|Any CPU
		{5BC96B7C-7D12-4D70-8E1E-CCBE7BB57DC6}.Debug|Any CPU.Build.0 = Debug|Any CPU
		{5BC96B7C-7D12-4D70-8E1E-CCBE7BB57DC6}.Debug|x64.ActiveCfg = Debug|Any CPU
		{5BC96B7C-7D12-4D70-8E1E-CCBE7BB57DC6}.Debug|x64.Build.0 = Debug|Any CPU
		{5BC96B7C-7D12-4D70-8E1E-CCBE7BB57DC6}.Debug|x86.ActiveCfg = Debug|Any CPU
		{5BC96B7C-7D12-4D70-8E1E-CCBE7BB57DC6}.Debug|x86.Build.0 = Debug|Any CPU
		{5BC96B7C-7D12-4D70-8E1E-CCBE7BB57DC6}.Release|Any CPU.ActiveCfg = Release|Any CPU
		{5BC96B7C-7D12-4D70-8E1E-CCBE7BB57DC6}.Release|Any CPU.Build.0 = Release|Any CPU
		{5BC96B7C-7D12-4D70-8E1E-CCBE7BB57DC6}.Release|x64.ActiveCfg = Release|Any CPU
		{5BC96B7C-7D12-4D70-8E1E-CCBE7BB57DC6}.Release|x64.Build.0 = Release|Any CPU
		{5BC96B7C-7D12-4D70-8E1E-CCBE7BB57DC6}.Release|x86.ActiveCfg = Release|Any CPU
		{5BC96B7C-7D12-4D70-8E1E-CCBE7BB57DC6}.Release|x86.Build.0 = Release|Any CPU
		{489ECE4C-41E0-4D48-9EB2-38733679F2D7}.Debug|Any CPU.ActiveCfg = Debug|Any CPU
		{489ECE4C-41E0-4D48-9EB2-38733679F2D7}.Debug|Any CPU.Build.0 = Debug|Any CPU
		{489ECE4C-41E0-4D48-9EB2-38733679F2D7}.Debug|x64.ActiveCfg = Debug|Any CPU
		{489ECE4C-41E0-4D48-9EB2-38733679F2D7}.Debug|x64.Build.0 = Debug|Any CPU
		{489ECE4C-41E0-4D48-9EB2-38733679F2D7}.Debug|x86.ActiveCfg = Debug|Any CPU
		{489ECE4C-41E0-4D48-9EB2-38733679F2D7}.Debug|x86.Build.0 = Debug|Any CPU
		{489ECE4C-41E0-4D48-9EB2-38733679F2D7}.Release|Any CPU.ActiveCfg = Release|Any CPU
		{489ECE4C-41E0-4D48-9EB2-38733679F2D7}.Release|Any CPU.Build.0 = Release|Any CPU
		{489ECE4C-41E0-4D48-9EB2-38733679F2D7}.Release|x64.ActiveCfg = Release|Any CPU
		{489ECE4C-41E0-4D48-9EB2-38733679F2D7}.Release|x64.Build.0 = Release|Any CPU
		{489ECE4C-41E0-4D48-9EB2-38733679F2D7}.Release|x86.ActiveCfg = Release|Any CPU
		{489ECE4C-41E0-4D48-9EB2-38733679F2D7}.Release|x86.Build.0 = Release|Any CPU
		{7D9277BB-835D-41F5-9FFD-435291E13704}.Debug|Any CPU.ActiveCfg = Debug|Any CPU
		{7D9277BB-835D-41F5-9FFD-435291E13704}.Debug|Any CPU.Build.0 = Debug|Any CPU
		{7D9277BB-835D-41F5-9FFD-435291E13704}.Debug|x64.ActiveCfg = Debug|Any CPU
		{7D9277BB-835D-41F5-9FFD-435291E13704}.Debug|x64.Build.0 = Debug|Any CPU
		{7D9277BB-835D-41F5-9FFD-435291E13704}.Debug|x86.ActiveCfg = Debug|Any CPU
		{7D9277BB-835D-41F5-9FFD-435291E13704}.Debug|x86.Build.0 = Debug|Any CPU
		{7D9277BB-835D-41F5-9FFD-435291E13704}.Release|Any CPU.ActiveCfg = Release|Any CPU
		{7D9277BB-835D-41F5-9FFD-435291E13704}.Release|Any CPU.Build.0 = Release|Any CPU
		{7D9277BB-835D-41F5-9FFD-435291E13704}.Release|x64.ActiveCfg = Release|Any CPU
		{7D9277BB-835D-41F5-9FFD-435291E13704}.Release|x64.Build.0 = Release|Any CPU
		{7D9277BB-835D-41F5-9FFD-435291E13704}.Release|x86.ActiveCfg = Release|Any CPU
		{7D9277BB-835D-41F5-9FFD-435291E13704}.Release|x86.Build.0 = Release|Any CPU
		{00AC9D8F-9265-4D8C-BDDA-57BB08416A9E}.Debug|Any CPU.ActiveCfg = Debug|Any CPU
		{00AC9D8F-9265-4D8C-BDDA-57BB08416A9E}.Debug|Any CPU.Build.0 = Debug|Any CPU
		{00AC9D8F-9265-4D8C-BDDA-57BB08416A9E}.Debug|x64.ActiveCfg = Debug|Any CPU
		{00AC9D8F-9265-4D8C-BDDA-57BB08416A9E}.Debug|x64.Build.0 = Debug|Any CPU
		{00AC9D8F-9265-4D8C-BDDA-57BB08416A9E}.Debug|x86.ActiveCfg = Debug|Any CPU
		{00AC9D8F-9265-4D8C-BDDA-57BB08416A9E}.Debug|x86.Build.0 = Debug|Any CPU
		{00AC9D8F-9265-4D8C-BDDA-57BB08416A9E}.Release|Any CPU.ActiveCfg = Release|Any CPU
		{00AC9D8F-9265-4D8C-BDDA-57BB08416A9E}.Release|Any CPU.Build.0 = Release|Any CPU
		{00AC9D8F-9265-4D8C-BDDA-57BB08416A9E}.Release|x64.ActiveCfg = Release|Any CPU
		{00AC9D8F-9265-4D8C-BDDA-57BB08416A9E}.Release|x64.Build.0 = Release|Any CPU
		{00AC9D8F-9265-4D8C-BDDA-57BB08416A9E}.Release|x86.ActiveCfg = Release|Any CPU
		{00AC9D8F-9265-4D8C-BDDA-57BB08416A9E}.Release|x86.Build.0 = Release|Any CPU
	EndGlobalSection
	GlobalSection(SolutionProperties) = preSolution
		HideSolutionNode = FALSE
	EndGlobalSection
	GlobalSection(NestedProjects) = preSolution
		{9DFBBF70-173F-4190-A3F5-2203DFE6C526} = {02EA681E-C7D8-13C7-8484-4AC65E1B71E8}
		{9150AB13-E527-47F2-83DB-F7FB2B900B8C} = {02EA681E-C7D8-13C7-8484-4AC65E1B71E8}
		{A0F0E0D0-C0B0-4000-8000-000000000001} = {02EA681E-C7D8-13C7-8484-4AC65E1B71E8}
		{0CF8BED8-6D7C-4F93-B30C-77B66FE7F2A5} = {02EA681E-C7D8-13C7-8484-4AC65E1B71E8}
		{A1B2C3D4-E5F6-7890-ABCD-EF1234567890} = {02EA681E-C7D8-13C7-8484-4AC65E1B71E8}
		{C3D4E5F6-A7B8-9012-CDEF-234567890123} = {02EA681E-C7D8-13C7-8484-4AC65E1B71E8}
		{B2C3D4E5-F6A7-8901-BCDE-F12345678901} = {02EA681E-C7D8-13C7-8484-4AC65E1B71E8}
		{B74B17AC-A877-4334-AA54-9EF3D1B4C2C6} = {128DBBE7-315A-4005-BED1-BA51A521D8FB}
		{D84FD236-A30A-49ED-BE82-53D481026B8F} = {128DBBE7-315A-4005-BED1-BA51A521D8FB}
		{43069D07-AE75-4A8A-9018-05486D334390} = {128DBBE7-315A-4005-BED1-BA51A521D8FB}
		{D32098F6-7916-4389-9210-A50803425AC0} = {128DBBE7-315A-4005-BED1-BA51A521D8FB}
		{D178DC34-A724-4492-A31F-3812DA69FB4C} = {D32098F6-7916-4389-9210-A50803425AC0}
		{64DDAD70-E4DB-401E-AD8A-235C97409E14} = {D32098F6-7916-4389-9210-A50803425AC0}
		{1B09D673-406E-4BF4-95DF-557D9147521D} = {D32098F6-7916-4389-9210-A50803425AC0}
		{E7A2C8F1-4B3D-4E9A-8F2C-1D5B6E7A8C9D} = {02EA681E-C7D8-13C7-8484-4AC65E1B71E8}
		{C81E2D45-1A3B-4F6E-9D2C-8B7A5E4F3D1A} = {128DBBE7-315A-4005-BED1-BA51A521D8FB}
		{A9B8C7D6-E5F4-3210-9876-543210FEDCBA} = {128DBBE7-315A-4005-BED1-BA51A521D8FB}
		{8FA568F0-9212-8B8C-05C8-7DB8CC48E7E9} = {02EA681E-C7D8-13C7-8484-4AC65E1B71E8}
		{E1F2A3B4-C5D6-4789-ABCD-EF0123456789} = {128DBBE7-315A-4005-BED1-BA51A521D8FB}
		{EFD25BC6-2623-D707-A538-B8069B821FBA} = {02EA681E-C7D8-13C7-8484-4AC65E1B71E8}
		{3A7E2E2B-0C8F-4A1F-8A67-3E0B1B6C9D2E} = {02EA681E-C7D8-13C7-8484-4AC65E1B71E8}
		{C4D5E6F7-A8B9-0123-CDEF-456789ABCDEF} = {128DBBE7-315A-4005-BED1-BA51A521D8FB}
		{94A74827-D6D6-3414-6607-FEEEF3334549} = {02EA681E-C7D8-13C7-8484-4AC65E1B71E8}
		{C7D8E9F0-A1B2-4567-8901-234567890ABC} = {02EA681E-C7D8-13C7-8484-4AC65E1B71E8}
		{C1C1C1C1-D1D1-4E11-8E11-111111111111} = {02EA681E-C7D8-13C7-8484-4AC65E1B71E8}
		{D1E2F3A4-B5C6-7890-DEF1-234567890ABC} = {02EA681E-C7D8-13C7-8484-4AC65E1B71E8}
		{A2B3C4D5-E6F7-8901-ABCD-EF2345678901} = {128DBBE7-315A-4005-BED1-BA51A521D8FB}
		{F4A5B6C7-D8E9-0123-FABC-DEF456789012} = {128DBBE7-315A-4005-BED1-BA51A521D8FB}
		{B5C6D7E8-F9A0-4A5B-8C9D-0E1F2A3B4C5D} = {128DBBE7-315A-4005-BED1-BA51A521D8FB}
		{B558395D-5D27-4E15-A726-D1844D4CF9D0} = {128DBBE7-315A-4005-BED1-BA51A521D8FB}
		{36BF3223-42C2-4365-A32F-CF527EA01DDB} = {128DBBE7-315A-4005-BED1-BA51A521D8FB}
		{6434CF04-818C-4D93-9B4B-8652D31E1C0B} = {02EA681E-C7D8-13C7-8484-4AC65E1B71E8}
		{5CDADB7E-3C29-4170-A059-29803BA5A41D} = {128DBBE7-315A-4005-BED1-BA51A521D8FB}
		{00AC9D8F-9265-4D8C-BDDA-57BB08416A9E} = {128DBBE7-315A-4005-BED1-BA51A521D8FB}
		{F0A1B2C3-D4E5-4F67-8901-AABBCCDDEEFF} = {02EA681E-C7D8-13C7-8484-4AC65E1B71E8}
		{2E2A936C-CC58-4891-8B3B-1EE104583929} = {02EA681E-C7D8-13C7-8484-4AC65E1B71E8}
		{489ECE4C-41E0-4D48-9EB2-38733679F2D7} = {02EA681E-C7D8-13C7-8484-4AC65E1B71E8}
	EndGlobalSection
	GlobalSection(ExtensibilityGlobals) = postSolution
		SolutionGuid = {3FD97131-0FD0-4645-8251-FB97CFE92CE5}
	EndGlobalSection
EndGlobal
